// !$*UTF8*$!
{
	archiveVersion = 1;
	classes = {
	};
	objectVersion = 50;
	objects = {

/* Begin PBXBuildFile section */
		891732FD20782DC700001EAB /* AppDelegate.swift in Sources */ = {isa = PBXBuildFile; fileRef = 891732FC20782DC700001EAB /* AppDelegate.swift */; };
		8917330420782DC900001EAB /* Assets.xcassets in Resources */ = {isa = PBXBuildFile; fileRef = 8917330320782DC900001EAB /* Assets.xcassets */; };
		8917331220782F6C00001EAB /* NavigationCoordinator.swift in Sources */ = {isa = PBXBuildFile; fileRef = 8917330E20782F6B00001EAB /* NavigationCoordinator.swift */; };
		8917331320782F6C00001EAB /* Coordinator.swift in Sources */ = {isa = PBXBuildFile; fileRef = 8917330F20782F6B00001EAB /* Coordinator.swift */; };
		8917331420782F6C00001EAB /* UIKit-CoordinatingExtensions.swift in Sources */ = {isa = PBXBuildFile; fileRef = 8917331020782F6B00001EAB /* UIKit-CoordinatingExtensions.swift */; };
		8917331520782F6C00001EAB /* Coordinating.swift in Sources */ = {isa = PBXBuildFile; fileRef = 8917331120782F6C00001EAB /* Coordinating.swift */; };
		891733182078324700001EAB /* NeedsDependency.swift in Sources */ = {isa = PBXBuildFile; fileRef = 891733172078324700001EAB /* NeedsDependency.swift */; };
		8917331B2078329200001EAB /* AppDependency.swift in Sources */ = {isa = PBXBuildFile; fileRef = 8917331A2078329200001EAB /* AppDependency.swift */; };
		8917331F2078333D00001EAB /* ApplicationCoordinator.swift in Sources */ = {isa = PBXBuildFile; fileRef = 8917331E2078333D00001EAB /* ApplicationCoordinator.swift */; };
		897B67EC207ACC25002E0120 /* NewActivityBackgroundView.swift in Sources */ = {isa = PBXBuildFile; fileRef = 897B67EB207ACC25002E0120 /* NewActivityBackgroundView.swift */; };
		897B67F1207AFCF9002E0120 /* ActivityCoordinator.swift in Sources */ = {isa = PBXBuildFile; fileRef = 897B67F0207AFCF9002E0120 /* ActivityCoordinator.swift */; };
		897B67F3207B02CA002E0120 /* PresentReverseAnimator.swift in Sources */ = {isa = PBXBuildFile; fileRef = 897B67F2207B02CA002E0120 /* PresentReverseAnimator.swift */; };
		897B67F7207B0B48002E0120 /* NewActivityVC.swift in Sources */ = {isa = PBXBuildFile; fileRef = 897B67F6207B0B48002E0120 /* NewActivityVC.swift */; };
		89D45D78207965CB00D3536F /* Roboto-Bold.ttf in Resources */ = {isa = PBXBuildFile; fileRef = 89D45D74207965CA00D3536F /* Roboto-Bold.ttf */; };
		89D45D79207965CB00D3536F /* Roboto-Regular.ttf in Resources */ = {isa = PBXBuildFile; fileRef = 89D45D75207965CB00D3536F /* Roboto-Regular.ttf */; };
		89D45D7A207965CB00D3536F /* Roboto-Light.ttf in Resources */ = {isa = PBXBuildFile; fileRef = 89D45D76207965CB00D3536F /* Roboto-Light.ttf */; };
		89D45D7B207965CB00D3536F /* Roboto-Medium.ttf in Resources */ = {isa = PBXBuildFile; fileRef = 89D45D77207965CB00D3536F /* Roboto-Medium.ttf */; };
		89D45D80207974C400D3536F /* CoordinatableViewController.swift in Sources */ = {isa = PBXBuildFile; fileRef = 89D45D7F207974C400D3536F /* CoordinatableViewController.swift */; };
		89D45D8920797D5300D3536F /* Launch Screen.storyboard in Resources */ = {isa = PBXBuildFile; fileRef = 89D45D8820797D5300D3536F /* Launch Screen.storyboard */; };
		89D45D8D2079825300D3536F /* ActivityState.swift in Sources */ = {isa = PBXBuildFile; fileRef = 89D45D8C2079825300D3536F /* ActivityState.swift */; };
		89DCDCD6207963AE00AE8254 /* Alamofire.framework in Frameworks */ = {isa = PBXBuildFile; fileRef = 89DCDCD1207963AD00AE8254 /* Alamofire.framework */; };
		89DCDCD7207963AE00AE8254 /* Alamofire.framework in Embed Frameworks */ = {isa = PBXBuildFile; fileRef = 89DCDCD1207963AD00AE8254 /* Alamofire.framework */; settings = {ATTRIBUTES = (CodeSignOnCopy, RemoveHeadersOnCopy, ); }; };
		89DCDCD8207963AE00AE8254 /* SwiftEssentials.framework in Frameworks */ = {isa = PBXBuildFile; fileRef = 89DCDCD2207963AD00AE8254 /* SwiftEssentials.framework */; };
		89DCDCD9207963AE00AE8254 /* SwiftEssentials.framework in Embed Frameworks */ = {isa = PBXBuildFile; fileRef = 89DCDCD2207963AD00AE8254 /* SwiftEssentials.framework */; settings = {ATTRIBUTES = (CodeSignOnCopy, RemoveHeadersOnCopy, ); }; };
		89DCDCDA207963AE00AE8254 /* SVNBootstraper.framework in Frameworks */ = {isa = PBXBuildFile; fileRef = 89DCDCD3207963AD00AE8254 /* SVNBootstraper.framework */; };
		89DCDCDB207963AE00AE8254 /* SVNBootstraper.framework in Embed Frameworks */ = {isa = PBXBuildFile; fileRef = 89DCDCD3207963AD00AE8254 /* SVNBootstraper.framework */; settings = {ATTRIBUTES = (CodeSignOnCopy, RemoveHeadersOnCopy, ); }; };
		89DCDCDC207963AE00AE8254 /* DeviceKit.framework in Frameworks */ = {isa = PBXBuildFile; fileRef = 89DCDCD4207963AE00AE8254 /* DeviceKit.framework */; };
		89DCDCDD207963AE00AE8254 /* DeviceKit.framework in Embed Frameworks */ = {isa = PBXBuildFile; fileRef = 89DCDCD4207963AE00AE8254 /* DeviceKit.framework */; settings = {ATTRIBUTES = (CodeSignOnCopy, RemoveHeadersOnCopy, ); }; };
		89DCDCDE207963AE00AE8254 /* SVNShapesManager.framework in Frameworks */ = {isa = PBXBuildFile; fileRef = 89DCDCD5207963AE00AE8254 /* SVNShapesManager.framework */; };
		89DCDCDF207963AE00AE8254 /* SVNShapesManager.framework in Embed Frameworks */ = {isa = PBXBuildFile; fileRef = 89DCDCD5207963AE00AE8254 /* SVNShapesManager.framework */; settings = {ATTRIBUTES = (CodeSignOnCopy, RemoveHeadersOnCopy, ); }; };
		89E4593F20795B3D00643F9D /* ActivitiesVC.swift in Sources */ = {isa = PBXBuildFile; fileRef = 89E4593E20795B3D00643F9D /* ActivitiesVC.swift */; };
		89E4594220795BED00643F9D /* PopButton.swift in Sources */ = {isa = PBXBuildFile; fileRef = 89E4594120795BED00643F9D /* PopButton.swift */; };
		89E4594420795D3A00643F9D /* Theme.swift in Sources */ = {isa = PBXBuildFile; fileRef = 89E4594320795D3A00643F9D /* Theme.swift */; };
/* End PBXBuildFile section */

/* Begin PBXCopyFilesBuildPhase section */
		89E459512079613700643F9D /* Embed Frameworks */ = {
			isa = PBXCopyFilesBuildPhase;
			buildActionMask = 2147483647;
			dstPath = "";
			dstSubfolderSpec = 10;
			files = (
				89DCDCD7207963AE00AE8254 /* Alamofire.framework in Embed Frameworks */,
				89DCDCD9207963AE00AE8254 /* SwiftEssentials.framework in Embed Frameworks */,
				89DCDCDF207963AE00AE8254 /* SVNShapesManager.framework in Embed Frameworks */,
				89DCDCDB207963AE00AE8254 /* SVNBootstraper.framework in Embed Frameworks */,
				89DCDCDD207963AE00AE8254 /* DeviceKit.framework in Embed Frameworks */,
			);
			name = "Embed Frameworks";
			runOnlyForDeploymentPostprocessing = 0;
		};
/* End PBXCopyFilesBuildPhase section */

/* Begin PBXFileReference section */
		891732F920782DC700001EAB /* FitBot_Activity_Tracker.app */ = {isa = PBXFileReference; explicitFileType = wrapper.application; includeInIndex = 0; path = FitBot_Activity_Tracker.app; sourceTree = BUILT_PRODUCTS_DIR; };
		891732FC20782DC700001EAB /* AppDelegate.swift */ = {isa = PBXFileReference; lastKnownFileType = sourcecode.swift; path = AppDelegate.swift; sourceTree = "<group>"; };
		8917330320782DC900001EAB /* Assets.xcassets */ = {isa = PBXFileReference; lastKnownFileType = folder.assetcatalog; path = Assets.xcassets; sourceTree = "<group>"; };
		8917330820782DC900001EAB /* Info.plist */ = {isa = PBXFileReference; lastKnownFileType = text.plist.xml; path = Info.plist; sourceTree = "<group>"; };
		8917330E20782F6B00001EAB /* NavigationCoordinator.swift */ = {isa = PBXFileReference; fileEncoding = 4; lastKnownFileType = sourcecode.swift; path = NavigationCoordinator.swift; sourceTree = "<group>"; };
		8917330F20782F6B00001EAB /* Coordinator.swift */ = {isa = PBXFileReference; fileEncoding = 4; lastKnownFileType = sourcecode.swift; path = Coordinator.swift; sourceTree = "<group>"; };
		8917331020782F6B00001EAB /* UIKit-CoordinatingExtensions.swift */ = {isa = PBXFileReference; fileEncoding = 4; lastKnownFileType = sourcecode.swift; path = "UIKit-CoordinatingExtensions.swift"; sourceTree = "<group>"; };
		8917331120782F6C00001EAB /* Coordinating.swift */ = {isa = PBXFileReference; fileEncoding = 4; lastKnownFileType = sourcecode.swift; path = Coordinating.swift; sourceTree = "<group>"; };
		891733172078324700001EAB /* NeedsDependency.swift */ = {isa = PBXFileReference; lastKnownFileType = sourcecode.swift; path = NeedsDependency.swift; sourceTree = "<group>"; };
		8917331A2078329200001EAB /* AppDependency.swift */ = {isa = PBXFileReference; lastKnownFileType = sourcecode.swift; path = AppDependency.swift; sourceTree = "<group>"; };
		8917331E2078333D00001EAB /* ApplicationCoordinator.swift */ = {isa = PBXFileReference; lastKnownFileType = sourcecode.swift; path = ApplicationCoordinator.swift; sourceTree = "<group>"; };
		897B67EB207ACC25002E0120 /* NewActivityBackgroundView.swift */ = {isa = PBXFileReference; lastKnownFileType = sourcecode.swift; path = NewActivityBackgroundView.swift; sourceTree = "<group>"; };
		897B67F0207AFCF9002E0120 /* ActivityCoordinator.swift */ = {isa = PBXFileReference; lastKnownFileType = sourcecode.swift; path = ActivityCoordinator.swift; sourceTree = "<group>"; };
		897B67F2207B02CA002E0120 /* PresentReverseAnimator.swift */ = {isa = PBXFileReference; fileEncoding = 4; lastKnownFileType = sourcecode.swift; path = PresentReverseAnimator.swift; sourceTree = "<group>"; };
		897B67F6207B0B48002E0120 /* NewActivityVC.swift */ = {isa = PBXFileReference; lastKnownFileType = sourcecode.swift; path = NewActivityVC.swift; sourceTree = "<group>"; };
		89D45D74207965CA00D3536F /* Roboto-Bold.ttf */ = {isa = PBXFileReference; lastKnownFileType = file; path = "Roboto-Bold.ttf"; sourceTree = "<group>"; };
		89D45D75207965CB00D3536F /* Roboto-Regular.ttf */ = {isa = PBXFileReference; lastKnownFileType = file; path = "Roboto-Regular.ttf"; sourceTree = "<group>"; };
		89D45D76207965CB00D3536F /* Roboto-Light.ttf */ = {isa = PBXFileReference; lastKnownFileType = file; path = "Roboto-Light.ttf"; sourceTree = "<group>"; };
		89D45D77207965CB00D3536F /* Roboto-Medium.ttf */ = {isa = PBXFileReference; lastKnownFileType = file; path = "Roboto-Medium.ttf"; sourceTree = "<group>"; };
		89D45D7F207974C400D3536F /* CoordinatableViewController.swift */ = {isa = PBXFileReference; lastKnownFileType = sourcecode.swift; path = CoordinatableViewController.swift; sourceTree = "<group>"; };
		89D45D8820797D5300D3536F /* Launch Screen.storyboard */ = {isa = PBXFileReference; lastKnownFileType = file.storyboard; path = "Launch Screen.storyboard"; sourceTree = "<group>"; };
		89D45D8C2079825300D3536F /* ActivityState.swift */ = {isa = PBXFileReference; lastKnownFileType = sourcecode.swift; path = ActivityState.swift; sourceTree = "<group>"; };
		89DCDCD1207963AD00AE8254 /* Alamofire.framework */ = {isa = PBXFileReference; lastKnownFileType = wrapper.framework; name = Alamofire.framework; path = ../Carthage/Build/iOS/Alamofire.framework; sourceTree = "<group>"; };
		89DCDCD2207963AD00AE8254 /* SwiftEssentials.framework */ = {isa = PBXFileReference; lastKnownFileType = wrapper.framework; name = SwiftEssentials.framework; path = ../Carthage/Build/iOS/SwiftEssentials.framework; sourceTree = "<group>"; };
		89DCDCD3207963AD00AE8254 /* SVNBootstraper.framework */ = {isa = PBXFileReference; lastKnownFileType = wrapper.framework; name = SVNBootstraper.framework; path = ../Carthage/Build/iOS/SVNBootstraper.framework; sourceTree = "<group>"; };
		89DCDCD4207963AE00AE8254 /* DeviceKit.framework */ = {isa = PBXFileReference; lastKnownFileType = wrapper.framework; name = DeviceKit.framework; path = ../Carthage/Build/iOS/DeviceKit.framework; sourceTree = "<group>"; };
		89DCDCD5207963AE00AE8254 /* SVNShapesManager.framework */ = {isa = PBXFileReference; lastKnownFileType = wrapper.framework; name = SVNShapesManager.framework; path = ../Carthage/Build/iOS/SVNShapesManager.framework; sourceTree = "<group>"; };
		89E4593E20795B3D00643F9D /* ActivitiesVC.swift */ = {isa = PBXFileReference; lastKnownFileType = sourcecode.swift; path = ActivitiesVC.swift; sourceTree = "<group>"; };
		89E4594120795BED00643F9D /* PopButton.swift */ = {isa = PBXFileReference; lastKnownFileType = sourcecode.swift; path = PopButton.swift; sourceTree = "<group>"; };
		89E4594320795D3A00643F9D /* Theme.swift */ = {isa = PBXFileReference; lastKnownFileType = sourcecode.swift; path = Theme.swift; sourceTree = "<group>"; };
/* End PBXFileReference section */

/* Begin PBXFrameworksBuildPhase section */
		891732F620782DC700001EAB /* Frameworks */ = {
			isa = PBXFrameworksBuildPhase;
			buildActionMask = 2147483647;
			files = (
				89DCDCD6207963AE00AE8254 /* Alamofire.framework in Frameworks */,
				89DCDCD8207963AE00AE8254 /* SwiftEssentials.framework in Frameworks */,
				89DCDCDE207963AE00AE8254 /* SVNShapesManager.framework in Frameworks */,
				89DCDCDA207963AE00AE8254 /* SVNBootstraper.framework in Frameworks */,
				89DCDCDC207963AE00AE8254 /* DeviceKit.framework in Frameworks */,
			);
			runOnlyForDeploymentPostprocessing = 0;
		};
/* End PBXFrameworksBuildPhase section */

/* Begin PBXGroup section */
		891732F020782DC700001EAB = {
			isa = PBXGroup;
			children = (
				891732FB20782DC700001EAB /* FitBot_Activity_Tracker */,
				89E45956207961CA00643F9D /* Dependencies */,
				891732FA20782DC700001EAB /* Products */,
			);
			sourceTree = "<group>";
		};
		891732FA20782DC700001EAB /* Products */ = {
			isa = PBXGroup;
			children = (
				891732F920782DC700001EAB /* FitBot_Activity_Tracker.app */,
			);
			name = Products;
			sourceTree = "<group>";
		};
		891732FB20782DC700001EAB /* FitBot_Activity_Tracker */ = {
			isa = PBXGroup;
			children = (
				891732FC20782DC700001EAB /* AppDelegate.swift */,
				89D45D8B2079823B00D3536F /* Model */,
				8917331C2078332400001EAB /* Dependency */,
				8917331620782F7100001EAB /* Coordinating */,
				891733192078325900001EAB /* Coordinators */,
				89E4593D20795B1300643F9D /* ViewControllers */,
				897B67EF207AF8CE002E0120 /* AnimationController */,
				89E4594020795BCA00643F9D /* Views */,
				89D45D7D207965DD00D3536F /* Includes */,
			);
			path = FitBot_Activity_Tracker;
			sourceTree = "<group>";
		};
		8917331620782F7100001EAB /* Coordinating */ = {
			isa = PBXGroup;
			children = (
				8917331120782F6C00001EAB /* Coordinating.swift */,
				8917330F20782F6B00001EAB /* Coordinator.swift */,
				8917331020782F6B00001EAB /* UIKit-CoordinatingExtensions.swift */,
				8917330E20782F6B00001EAB /* NavigationCoordinator.swift */,
				89D45D7F207974C400D3536F /* CoordinatableViewController.swift */,
			);
			path = Coordinating;
			sourceTree = "<group>";
		};
		891733192078325900001EAB /* Coordinators */ = {
			isa = PBXGroup;
			children = (
				8917331E2078333D00001EAB /* ApplicationCoordinator.swift */,
				897B67F0207AFCF9002E0120 /* ActivityCoordinator.swift */,
			);
			path = Coordinators;
			sourceTree = "<group>";
		};
		8917331C2078332400001EAB /* Dependency */ = {
			isa = PBXGroup;
			children = (
				891733172078324700001EAB /* NeedsDependency.swift */,
				8917331A2078329200001EAB /* AppDependency.swift */,
				89E4594320795D3A00643F9D /* Theme.swift */,
			);
			path = Dependency;
			sourceTree = "<group>";
		};
		897B67EA207ACC15002E0120 /* Backgrounds */ = {
			isa = PBXGroup;
			children = (
				897B67EB207ACC25002E0120 /* NewActivityBackgroundView.swift */,
			);
			path = Backgrounds;
			sourceTree = "<group>";
		};
		897B67EF207AF8CE002E0120 /* AnimationController */ = {
			isa = PBXGroup;
			children = (
				897B67F2207B02CA002E0120 /* PresentReverseAnimator.swift */,
			);
			path = AnimationController;
			sourceTree = "<group>";
		};
		89D45D7C207965CF00D3536F /* Fonts */ = {
			isa = PBXGroup;
			children = (
				89D45D74207965CA00D3536F /* Roboto-Bold.ttf */,
				89D45D76207965CB00D3536F /* Roboto-Light.ttf */,
				89D45D77207965CB00D3536F /* Roboto-Medium.ttf */,
				89D45D75207965CB00D3536F /* Roboto-Regular.ttf */,
			);
			path = Fonts;
			sourceTree = "<group>";
		};
		89D45D7D207965DD00D3536F /* Includes */ = {
			isa = PBXGroup;
			children = (
				89D45D7C207965CF00D3536F /* Fonts */,
				8917330320782DC900001EAB /* Assets.xcassets */,
				8917330820782DC900001EAB /* Info.plist */,
			);
			path = Includes;
			sourceTree = "<group>";
		};
		89D45D8520797B9500D3536F /* Storyboards */ = {
			isa = PBXGroup;
			children = (
				89D45D8820797D5300D3536F /* Launch Screen.storyboard */,
			);
			path = Storyboards;
			sourceTree = "<group>";
		};
		89D45D8A2079807200D3536F /* Buttons */ = {
			isa = PBXGroup;
			children = (
				89E4594120795BED00643F9D /* PopButton.swift */,
			);
			path = Buttons;
			sourceTree = "<group>";
		};
		89D45D8B2079823B00D3536F /* Model */ = {
			isa = PBXGroup;
			children = (
				89D45D8C2079825300D3536F /* ActivityState.swift */,
			);
			path = Model;
			sourceTree = "<group>";
		};
		89E4593D20795B1300643F9D /* ViewControllers */ = {
			isa = PBXGroup;
			children = (
				89E4593E20795B3D00643F9D /* ActivitiesVC.swift */,
				897B67F6207B0B48002E0120 /* NewActivityVC.swift */,
			);
			path = ViewControllers;
			sourceTree = "<group>";
		};
		89E4594020795BCA00643F9D /* Views */ = {
			isa = PBXGroup;
			children = (
				897B67EA207ACC15002E0120 /* Backgrounds */,
				89D45D8520797B9500D3536F /* Storyboards */,
				89D45D8A2079807200D3536F /* Buttons */,
			);
			path = Views;
			sourceTree = "<group>";
		};
		89E45956207961CA00643F9D /* Dependencies */ = {
			isa = PBXGroup;
			children = (
				89DCDCD1207963AD00AE8254 /* Alamofire.framework */,
				89DCDCD4207963AE00AE8254 /* DeviceKit.framework */,
				89DCDCD3207963AD00AE8254 /* SVNBootstraper.framework */,
				89DCDCD5207963AE00AE8254 /* SVNShapesManager.framework */,
				89DCDCD2207963AD00AE8254 /* SwiftEssentials.framework */,
			);
			path = Dependencies;
			sourceTree = "<group>";
		};
/* End PBXGroup section */

/* Begin PBXNativeTarget section */
		891732F820782DC700001EAB /* FitBot_Activity_Tracker */ = {
			isa = PBXNativeTarget;
			buildConfigurationList = 8917330B20782DC900001EAB /* Build configuration list for PBXNativeTarget "FitBot_Activity_Tracker" */;
			buildPhases = (
				891732F520782DC700001EAB /* Sources */,
				891732F620782DC700001EAB /* Frameworks */,
				891732F720782DC700001EAB /* Resources */,
				89E459512079613700643F9D /* Embed Frameworks */,
			);
			buildRules = (
			);
			dependencies = (
			);
			name = FitBot_Activity_Tracker;
			productName = FitBot_Activity_Tracker;
			productReference = 891732F920782DC700001EAB /* FitBot_Activity_Tracker.app */;
			productType = "com.apple.product-type.application";
		};
/* End PBXNativeTarget section */

/* Begin PBXProject section */
		891732F120782DC700001EAB /* Project object */ = {
			isa = PBXProject;
			attributes = {
				LastSwiftUpdateCheck = 0930;
				LastUpgradeCheck = 0930;
				ORGANIZATIONNAME = "Aaron bikis";
				TargetAttributes = {
					891732F820782DC700001EAB = {
						CreatedOnToolsVersion = 9.3;
					};
				};
			};
			buildConfigurationList = 891732F420782DC700001EAB /* Build configuration list for PBXProject "FitBot_Activity_Tracker" */;
			compatibilityVersion = "Xcode 9.3";
			developmentRegion = en;
			hasScannedForEncodings = 0;
			knownRegions = (
				en,
				Base,
			);
			mainGroup = 891732F020782DC700001EAB;
			productRefGroup = 891732FA20782DC700001EAB /* Products */;
			projectDirPath = "";
			projectRoot = "";
			targets = (
				891732F820782DC700001EAB /* FitBot_Activity_Tracker */,
			);
		};
/* End PBXProject section */

/* Begin PBXResourcesBuildPhase section */
		891732F720782DC700001EAB /* Resources */ = {
			isa = PBXResourcesBuildPhase;
			buildActionMask = 2147483647;
			files = (
				89D45D7B207965CB00D3536F /* Roboto-Medium.ttf in Resources */,
				89D45D79207965CB00D3536F /* Roboto-Regular.ttf in Resources */,
				89D45D78207965CB00D3536F /* Roboto-Bold.ttf in Resources */,
				89D45D7A207965CB00D3536F /* Roboto-Light.ttf in Resources */,
				8917330420782DC900001EAB /* Assets.xcassets in Resources */,
				89D45D8920797D5300D3536F /* Launch Screen.storyboard in Resources */,
			);
			runOnlyForDeploymentPostprocessing = 0;
		};
/* End PBXResourcesBuildPhase section */

/* Begin PBXSourcesBuildPhase section */
		891732F520782DC700001EAB /* Sources */ = {
			isa = PBXSourcesBuildPhase;
			buildActionMask = 2147483647;
			files = (
				897B67EC207ACC25002E0120 /* NewActivityBackgroundView.swift in Sources */,
				89D45D8D2079825300D3536F /* ActivityState.swift in Sources */,
				8917331320782F6C00001EAB /* Coordinator.swift in Sources */,
				897B67F1207AFCF9002E0120 /* ActivityCoordinator.swift in Sources */,
				8917331220782F6C00001EAB /* NavigationCoordinator.swift in Sources */,
				897B67F3207B02CA002E0120 /* PresentReverseAnimator.swift in Sources */,
				89D45D80207974C400D3536F /* CoordinatableViewController.swift in Sources */,
				891733182078324700001EAB /* NeedsDependency.swift in Sources */,
				89E4594220795BED00643F9D /* PopButton.swift in Sources */,
				89E4594420795D3A00643F9D /* Theme.swift in Sources */,
				8917331420782F6C00001EAB /* UIKit-CoordinatingExtensions.swift in Sources */,
				897B67F7207B0B48002E0120 /* NewActivityVC.swift in Sources */,
				8917331520782F6C00001EAB /* Coordinating.swift in Sources */,
				891732FD20782DC700001EAB /* AppDelegate.swift in Sources */,
				8917331B2078329200001EAB /* AppDependency.swift in Sources */,
				89E4593F20795B3D00643F9D /* ActivitiesVC.swift in Sources */,
				8917331F2078333D00001EAB /* ApplicationCoordinator.swift in Sources */,
			);
			runOnlyForDeploymentPostprocessing = 0;
		};
/* End PBXSourcesBuildPhase section */

/* Begin XCBuildConfiguration section */
		8917330920782DC900001EAB /* Debug */ = {
			isa = XCBuildConfiguration;
			buildSettings = {
				ALWAYS_SEARCH_USER_PATHS = NO;
				CLANG_ANALYZER_NONNULL = YES;
				CLANG_ANALYZER_NUMBER_OBJECT_CONVERSION = YES_AGGRESSIVE;
				CLANG_CXX_LANGUAGE_STANDARD = "gnu++14";
				CLANG_CXX_LIBRARY = "libc++";
				CLANG_ENABLE_MODULES = YES;
				CLANG_ENABLE_OBJC_ARC = YES;
				CLANG_ENABLE_OBJC_WEAK = YES;
				CLANG_WARN_BLOCK_CAPTURE_AUTORELEASING = YES;
				CLANG_WARN_BOOL_CONVERSION = YES;
				CLANG_WARN_COMMA = YES;
				CLANG_WARN_CONSTANT_CONVERSION = YES;
				CLANG_WARN_DEPRECATED_OBJC_IMPLEMENTATIONS = YES;
				CLANG_WARN_DIRECT_OBJC_ISA_USAGE = YES_ERROR;
				CLANG_WARN_DOCUMENTATION_COMMENTS = YES;
				CLANG_WARN_EMPTY_BODY = YES;
				CLANG_WARN_ENUM_CONVERSION = YES;
				CLANG_WARN_INFINITE_RECURSION = YES;
				CLANG_WARN_INT_CONVERSION = YES;
				CLANG_WARN_NON_LITERAL_NULL_CONVERSION = YES;
				CLANG_WARN_OBJC_IMPLICIT_RETAIN_SELF = YES;
				CLANG_WARN_OBJC_LITERAL_CONVERSION = YES;
				CLANG_WARN_OBJC_ROOT_CLASS = YES_ERROR;
				CLANG_WARN_RANGE_LOOP_ANALYSIS = YES;
				CLANG_WARN_STRICT_PROTOTYPES = YES;
				CLANG_WARN_SUSPICIOUS_MOVE = YES;
				CLANG_WARN_UNGUARDED_AVAILABILITY = YES_AGGRESSIVE;
				CLANG_WARN_UNREACHABLE_CODE = YES;
				CLANG_WARN__DUPLICATE_METHOD_MATCH = YES;
				CODE_SIGN_IDENTITY = "iPhone Developer";
				COPY_PHASE_STRIP = NO;
				DEBUG_INFORMATION_FORMAT = dwarf;
				ENABLE_STRICT_OBJC_MSGSEND = YES;
				ENABLE_TESTABILITY = YES;
				GCC_C_LANGUAGE_STANDARD = gnu11;
				GCC_DYNAMIC_NO_PIC = NO;
				GCC_NO_COMMON_BLOCKS = YES;
				GCC_OPTIMIZATION_LEVEL = 0;
				GCC_PREPROCESSOR_DEFINITIONS = (
					"DEBUG=1",
					"$(inherited)",
				);
				GCC_WARN_64_TO_32_BIT_CONVERSION = YES;
				GCC_WARN_ABOUT_RETURN_TYPE = YES_ERROR;
				GCC_WARN_UNDECLARED_SELECTOR = YES;
				GCC_WARN_UNINITIALIZED_AUTOS = YES_AGGRESSIVE;
				GCC_WARN_UNUSED_FUNCTION = YES;
				GCC_WARN_UNUSED_VARIABLE = YES;
				IPHONEOS_DEPLOYMENT_TARGET = 11.3;
				MTL_ENABLE_DEBUG_INFO = YES;
				ONLY_ACTIVE_ARCH = YES;
				SDKROOT = iphoneos;
				SWIFT_ACTIVE_COMPILATION_CONDITIONS = DEBUG;
				SWIFT_OPTIMIZATION_LEVEL = "-Onone";
			};
			name = Debug;
		};
		8917330A20782DC900001EAB /* Release */ = {
			isa = XCBuildConfiguration;
			buildSettings = {
				ALWAYS_SEARCH_USER_PATHS = NO;
				CLANG_ANALYZER_NONNULL = YES;
				CLANG_ANALYZER_NUMBER_OBJECT_CONVERSION = YES_AGGRESSIVE;
				CLANG_CXX_LANGUAGE_STANDARD = "gnu++14";
				CLANG_CXX_LIBRARY = "libc++";
				CLANG_ENABLE_MODULES = YES;
				CLANG_ENABLE_OBJC_ARC = YES;
				CLANG_ENABLE_OBJC_WEAK = YES;
				CLANG_WARN_BLOCK_CAPTURE_AUTORELEASING = YES;
				CLANG_WARN_BOOL_CONVERSION = YES;
				CLANG_WARN_COMMA = YES;
				CLANG_WARN_CONSTANT_CONVERSION = YES;
				CLANG_WARN_DEPRECATED_OBJC_IMPLEMENTATIONS = YES;
				CLANG_WARN_DIRECT_OBJC_ISA_USAGE = YES_ERROR;
				CLANG_WARN_DOCUMENTATION_COMMENTS = YES;
				CLANG_WARN_EMPTY_BODY = YES;
				CLANG_WARN_ENUM_CONVERSION = YES;
				CLANG_WARN_INFINITE_RECURSION = YES;
				CLANG_WARN_INT_CONVERSION = YES;
				CLANG_WARN_NON_LITERAL_NULL_CONVERSION = YES;
				CLANG_WARN_OBJC_IMPLICIT_RETAIN_SELF = YES;
				CLANG_WARN_OBJC_LITERAL_CONVERSION = YES;
				CLANG_WARN_OBJC_ROOT_CLASS = YES_ERROR;
				CLANG_WARN_RANGE_LOOP_ANALYSIS = YES;
				CLANG_WARN_STRICT_PROTOTYPES = YES;
				CLANG_WARN_SUSPICIOUS_MOVE = YES;
				CLANG_WARN_UNGUARDED_AVAILABILITY = YES_AGGRESSIVE;
				CLANG_WARN_UNREACHABLE_CODE = YES;
				CLANG_WARN__DUPLICATE_METHOD_MATCH = YES;
				CODE_SIGN_IDENTITY = "iPhone Developer";
				COPY_PHASE_STRIP = NO;
				DEBUG_INFORMATION_FORMAT = "dwarf-with-dsym";
				ENABLE_NS_ASSERTIONS = NO;
				ENABLE_STRICT_OBJC_MSGSEND = YES;
				GCC_C_LANGUAGE_STANDARD = gnu11;
				GCC_NO_COMMON_BLOCKS = YES;
				GCC_WARN_64_TO_32_BIT_CONVERSION = YES;
				GCC_WARN_ABOUT_RETURN_TYPE = YES_ERROR;
				GCC_WARN_UNDECLARED_SELECTOR = YES;
				GCC_WARN_UNINITIALIZED_AUTOS = YES_AGGRESSIVE;
				GCC_WARN_UNUSED_FUNCTION = YES;
				GCC_WARN_UNUSED_VARIABLE = YES;
				IPHONEOS_DEPLOYMENT_TARGET = 11.3;
				MTL_ENABLE_DEBUG_INFO = NO;
				SDKROOT = iphoneos;
				SWIFT_COMPILATION_MODE = wholemodule;
				SWIFT_OPTIMIZATION_LEVEL = "-O";
				VALIDATE_PRODUCT = YES;
			};
			name = Release;
		};
		8917330C20782DC900001EAB /* Debug */ = {
			isa = XCBuildConfiguration;
			buildSettings = {
				ASSETCATALOG_COMPILER_APPICON_NAME = AppIcon;
				CODE_SIGN_STYLE = Automatic;
				FRAMEWORK_SEARCH_PATHS = (
					"$(inherited)",
					"$(PROJECT_DIR)/Carthage/Build/iOS",
					"$(SRCROOT)/Carthage/Build/iOS",
				);
				INFOPLIST_FILE = "$(SRCROOT)/FitBot_Activity_Tracker/Includes/Info.plist";
				LD_RUNPATH_SEARCH_PATHS = (
					"$(inherited)",
					"@executable_path/Frameworks",
				);
				PRODUCT_BUNDLE_IDENTIFIER = "rose.and.pine.creative.FitBot-Activity-Tracker";
				PRODUCT_NAME = "$(TARGET_NAME)";
				SWIFT_VERSION = 4.0;
				TARGETED_DEVICE_FAMILY = "1,2";
			};
			name = Debug;
		};
		8917330D20782DC900001EAB /* Release */ = {
			isa = XCBuildConfiguration;
			buildSettings = {
				ASSETCATALOG_COMPILER_APPICON_NAME = AppIcon;
				CODE_SIGN_STYLE = Automatic;
				FRAMEWORK_SEARCH_PATHS = (
					"$(inherited)",
					"$(PROJECT_DIR)/Carthage/Build/iOS",
					"$(SRCROOT)/Carthage/Build/iOS",
				);
				INFOPLIST_FILE = "$(SRCROOT)/FitBot_Activity_Tracker/Includes/Info.plist";
				LD_RUNPATH_SEARCH_PATHS = (
					"$(inherited)",
					"@executable_path/Frameworks",
				);
				PRODUCT_BUNDLE_IDENTIFIER = "rose.and.pine.creative.FitBot-Activity-Tracker";
				PRODUCT_NAME = "$(TARGET_NAME)";
				SWIFT_VERSION = 4.0;
				TARGETED_DEVICE_FAMILY = "1,2";
			};
			name = Release;
		};
/* End XCBuildConfiguration section */

/* Begin XCConfigurationList section */
		891732F420782DC700001EAB /* Build configuration list for PBXProject "FitBot_Activity_Tracker" */ = {
			isa = XCConfigurationList;
			buildConfigurations = (
				8917330920782DC900001EAB /* Debug */,
				8917330A20782DC900001EAB /* Release */,
			);
			defaultConfigurationIsVisible = 0;
			defaultConfigurationName = Release;
		};
		8917330B20782DC900001EAB /* Build configuration list for PBXNativeTarget "FitBot_Activity_Tracker" */ = {
			isa = XCConfigurationList;
			buildConfigurations = (
				8917330C20782DC900001EAB /* Debug */,
				8917330D20782DC900001EAB /* Release */,
			);
			defaultConfigurationIsVisible = 0;
			defaultConfigurationName = Release;
		};
/* End XCConfigurationList section */
	};
	rootObject = 891732F120782DC700001EAB /* Project object */;
}
