// !$*UTF8*$!
{
	archiveVersion = 1;
	classes = {
	};
	objectVersion = 50;
	objects = {

/* Begin PBXBuildFile section */
		8900761F2081324200C13338 /* Validatable.swift in Sources */ = {isa = PBXBuildFile; fileRef = 8900761A2081324200C13338 /* Validatable.swift */; };
		890076202081324200C13338 /* ValidationDelegate.swift in Sources */ = {isa = PBXBuildFile; fileRef = 8900761B2081324200C13338 /* ValidationDelegate.swift */; };
		890076212081324200C13338 /* ValidatorDictionary.swift in Sources */ = {isa = PBXBuildFile; fileRef = 8900761C2081324200C13338 /* ValidatorDictionary.swift */; };
		890076222081324200C13338 /* ValidationError.swift in Sources */ = {isa = PBXBuildFile; fileRef = 8900761D2081324200C13338 /* ValidationError.swift */; };
		8900763D2081325600C13338 /* AlphaNumericRule.swift in Sources */ = {isa = PBXBuildFile; fileRef = 890076252081325300C13338 /* AlphaNumericRule.swift */; };
		8900763E2081325600C13338 /* RequiredRule.swift in Sources */ = {isa = PBXBuildFile; fileRef = 890076262081325300C13338 /* RequiredRule.swift */; };
		8900763F2081325600C13338 /* EmailRule.swift in Sources */ = {isa = PBXBuildFile; fileRef = 890076272081325300C13338 /* EmailRule.swift */; };
		890076402081325600C13338 /* ValidationRule.swift in Sources */ = {isa = PBXBuildFile; fileRef = 890076282081325300C13338 /* ValidationRule.swift */; };
		890076412081325600C13338 /* SSNRule.swift in Sources */ = {isa = PBXBuildFile; fileRef = 890076292081325300C13338 /* SSNRule.swift */; };
		890076422081325600C13338 /* HexColorRule.swift in Sources */ = {isa = PBXBuildFile; fileRef = 8900762A2081325300C13338 /* HexColorRule.swift */; };
		890076432081325600C13338 /* MinDateRule.swift in Sources */ = {isa = PBXBuildFile; fileRef = 8900762B2081325300C13338 /* MinDateRule.swift */; };
		890076442081325600C13338 /* RegexRule.swift in Sources */ = {isa = PBXBuildFile; fileRef = 8900762C2081325400C13338 /* RegexRule.swift */; };
		890076452081325600C13338 /* ConfirmRule.swift in Sources */ = {isa = PBXBuildFile; fileRef = 8900762D2081325400C13338 /* ConfirmRule.swift */; };
		890076462081325600C13338 /* MaxLengthRule.swift in Sources */ = {isa = PBXBuildFile; fileRef = 8900762E2081325400C13338 /* MaxLengthRule.swift */; };
		890076472081325600C13338 /* MinLengthRule.swift in Sources */ = {isa = PBXBuildFile; fileRef = 8900762F2081325400C13338 /* MinLengthRule.swift */; };
		890076482081325600C13338 /* RoutingNumberRule.swift in Sources */ = {isa = PBXBuildFile; fileRef = 890076302081325400C13338 /* RoutingNumberRule.swift */; };
		890076492081325600C13338 /* ZipCodeRule.swift in Sources */ = {isa = PBXBuildFile; fileRef = 890076312081325400C13338 /* ZipCodeRule.swift */; };
		8900764A2081325600C13338 /* AlphaRule.swift in Sources */ = {isa = PBXBuildFile; fileRef = 890076322081325400C13338 /* AlphaRule.swift */; };
		8900764B2081325600C13338 /* CharacterSetRule.swift in Sources */ = {isa = PBXBuildFile; fileRef = 890076332081325400C13338 /* CharacterSetRule.swift */; };
		8900764C2081325600C13338 /* IPV4Rule.swift in Sources */ = {isa = PBXBuildFile; fileRef = 890076342081325500C13338 /* IPV4Rule.swift */; };
		8900764D2081325600C13338 /* FullNameRule.swift in Sources */ = {isa = PBXBuildFile; fileRef = 890076352081325500C13338 /* FullNameRule.swift */; };
		8900764E2081325600C13338 /* ISBNRule.swift in Sources */ = {isa = PBXBuildFile; fileRef = 890076362081325500C13338 /* ISBNRule.swift */; };
		8900764F2081325600C13338 /* DateConvertable.swift in Sources */ = {isa = PBXBuildFile; fileRef = 890076372081325500C13338 /* DateConvertable.swift */; };
		890076502081325600C13338 /* ExactLengthRule.swift in Sources */ = {isa = PBXBuildFile; fileRef = 890076382081325500C13338 /* ExactLengthRule.swift */; };
		890076512081325600C13338 /* PasswordRule.swift in Sources */ = {isa = PBXBuildFile; fileRef = 890076392081325500C13338 /* PasswordRule.swift */; };
		890076522081325600C13338 /* FloatRule.swift in Sources */ = {isa = PBXBuildFile; fileRef = 8900763A2081325500C13338 /* FloatRule.swift */; };
		890076532081325600C13338 /* PhoneNumberRule.swift in Sources */ = {isa = PBXBuildFile; fileRef = 8900763B2081325500C13338 /* PhoneNumberRule.swift */; };
		890076542081325600C13338 /* Rule.swift in Sources */ = {isa = PBXBuildFile; fileRef = 8900763C2081325500C13338 /* Rule.swift */; };
		89007656208132C500C13338 /* Validator.swift in Sources */ = {isa = PBXBuildFile; fileRef = 89007655208132C500C13338 /* Validator.swift */; };
		891732FD20782DC700001EAB /* AppDelegate.swift in Sources */ = {isa = PBXBuildFile; fileRef = 891732FC20782DC700001EAB /* AppDelegate.swift */; };
		8917330420782DC900001EAB /* Assets.xcassets in Resources */ = {isa = PBXBuildFile; fileRef = 8917330320782DC900001EAB /* Assets.xcassets */; };
		8917331220782F6C00001EAB /* NavigationCoordinator.swift in Sources */ = {isa = PBXBuildFile; fileRef = 8917330E20782F6B00001EAB /* NavigationCoordinator.swift */; };
		8917331320782F6C00001EAB /* Coordinator.swift in Sources */ = {isa = PBXBuildFile; fileRef = 8917330F20782F6B00001EAB /* Coordinator.swift */; };
		8917331420782F6C00001EAB /* UIKit-CoordinatingExtensions.swift in Sources */ = {isa = PBXBuildFile; fileRef = 8917331020782F6B00001EAB /* UIKit-CoordinatingExtensions.swift */; };
		8917331520782F6C00001EAB /* Coordinating.swift in Sources */ = {isa = PBXBuildFile; fileRef = 8917331120782F6C00001EAB /* Coordinating.swift */; };
		891733182078324700001EAB /* NeedsDependency.swift in Sources */ = {isa = PBXBuildFile; fileRef = 891733172078324700001EAB /* NeedsDependency.swift */; };
		8917331B2078329200001EAB /* AppDependency.swift in Sources */ = {isa = PBXBuildFile; fileRef = 8917331A2078329200001EAB /* AppDependency.swift */; };
		8917331F2078333D00001EAB /* ApplicationCoordinator.swift in Sources */ = {isa = PBXBuildFile; fileRef = 8917331E2078333D00001EAB /* ApplicationCoordinator.swift */; };
		8955E36E207C0F1200B7DDCB /* Content.swift in Sources */ = {isa = PBXBuildFile; fileRef = 8955E36D207C0F1200B7DDCB /* Content.swift */; };
		8955E370207C4DED00B7DDCB /* LocalPickerType.swift in Sources */ = {isa = PBXBuildFile; fileRef = 8955E36F207C4DED00B7DDCB /* LocalPickerType.swift */; };
		8955E372207C600300B7DDCB /* Networking.swift in Sources */ = {isa = PBXBuildFile; fileRef = 8955E371207C600300B7DDCB /* Networking.swift */; };
		8955E374207D9B8600B7DDCB /* Activity.swift in Sources */ = {isa = PBXBuildFile; fileRef = 8955E373207D9B8600B7DDCB /* Activity.swift */; };
		8955E376207D9C1A00B7DDCB /* ActivitiesDataSource.swift in Sources */ = {isa = PBXBuildFile; fileRef = 8955E375207D9C1A00B7DDCB /* ActivitiesDataSource.swift */; };
		8955E378207D9CE100B7DDCB /* ActivityMetaTableViewCell.swift in Sources */ = {isa = PBXBuildFile; fileRef = 8955E377207D9CE100B7DDCB /* ActivityMetaTableViewCell.swift */; };
		8955E37B207E4C8B00B7DDCB /* Strava.swift in Sources */ = {isa = PBXBuildFile; fileRef = 8955E37A207E4C8B00B7DDCB /* Strava.swift */; };
		8955E37F207ED95100B7DDCB /* StravaAuthVC.swift in Sources */ = {isa = PBXBuildFile; fileRef = 8955E37E207ED95100B7DDCB /* StravaAuthVC.swift */; };
		8955E383207F051C00B7DDCB /* ActivityDetailsVC.swift in Sources */ = {isa = PBXBuildFile; fileRef = 8955E382207F051C00B7DDCB /* ActivityDetailsVC.swift */; };
		8955E38A207F06D900B7DDCB /* ActivityDetailsView.swift in Sources */ = {isa = PBXBuildFile; fileRef = 8955E389207F06D900B7DDCB /* ActivityDetailsView.swift */; };
		8959E975207C005D00753F41 /* SVNBootstraper.framework in Frameworks */ = {isa = PBXBuildFile; fileRef = 8959E96E207C005D00753F41 /* SVNBootstraper.framework */; };
		8959E977207C005D00753F41 /* DeviceKit.framework in Frameworks */ = {isa = PBXBuildFile; fileRef = 8959E970207C005D00753F41 /* DeviceKit.framework */; };
		8959E979207C005D00753F41 /* SVNShapesManager.framework in Frameworks */ = {isa = PBXBuildFile; fileRef = 8959E972207C005D00753F41 /* SVNShapesManager.framework */; };
		8959E97A207C005D00753F41 /* SVNTheme.framework in Frameworks */ = {isa = PBXBuildFile; fileRef = 8959E973207C005D00753F41 /* SVNTheme.framework */; };
		8959E97B207C005D00753F41 /* SwiftEssentials.framework in Frameworks */ = {isa = PBXBuildFile; fileRef = 8959E974207C005D00753F41 /* SwiftEssentials.framework */; };
		897B67EC207ACC25002E0120 /* NewActivityBackgroundView.swift in Sources */ = {isa = PBXBuildFile; fileRef = 897B67EB207ACC25002E0120 /* NewActivityBackgroundView.swift */; };
		897B67F1207AFCF9002E0120 /* ActivityCoordinator.swift in Sources */ = {isa = PBXBuildFile; fileRef = 897B67F0207AFCF9002E0120 /* ActivityCoordinator.swift */; };
		897B67F3207B02CA002E0120 /* PresentReverseAnimator.swift in Sources */ = {isa = PBXBuildFile; fileRef = 897B67F2207B02CA002E0120 /* PresentReverseAnimator.swift */; };
		897B67F7207B0B48002E0120 /* NewActivityVC.swift in Sources */ = {isa = PBXBuildFile; fileRef = 897B67F6207B0B48002E0120 /* NewActivityVC.swift */; };
		89B2BEF8207C054000718913 /* SVNFormPlaceholderLabel.swift in Sources */ = {isa = PBXBuildFile; fileRef = 89B2BEDE207C053C00718913 /* SVNFormPlaceholderLabel.swift */; };
		89B2BEF9207C054000718913 /* SVNFormPickerType.swift in Sources */ = {isa = PBXBuildFile; fileRef = 89B2BEDF207C053D00718913 /* SVNFormPickerType.swift */; };
		89B2BEFA207C054000718913 /* SVNFormViewModel.swift in Sources */ = {isa = PBXBuildFile; fileRef = 89B2BEE0207C053D00718913 /* SVNFormViewModel.swift */; };
		89B2BEFB207C054000718913 /* LWDatePickerView.swift in Sources */ = {isa = PBXBuildFile; fileRef = 89B2BEE1207C053D00718913 /* LWDatePickerView.swift */; };
		89B2BEFC207C054000718913 /* SVNFormFieldType.swift in Sources */ = {isa = PBXBuildFile; fileRef = 89B2BEE2207C053D00718913 /* SVNFormFieldType.swift */; };
		89B2BEFD207C054000718913 /* SVNFormFieldView.swift in Sources */ = {isa = PBXBuildFile; fileRef = 89B2BEE3207C053D00718913 /* SVNFormFieldView.swift */; };
		89B2BEFE207C054000718913 /* SVNFormPickerView.swift in Sources */ = {isa = PBXBuildFile; fileRef = 89B2BEE4207C053D00718913 /* SVNFormPickerView.swift */; };
		89B2BEFF207C054000718913 /* SVNLargeButtonDatasource.swift in Sources */ = {isa = PBXBuildFile; fileRef = 89B2BEE5207C053D00718913 /* SVNLargeButtonDatasource.swift */; };
		89B2BF00207C054000718913 /* DeviceSize.swift in Sources */ = {isa = PBXBuildFile; fileRef = 89B2BEE6207C053D00718913 /* DeviceSize.swift */; };
		89B2BF01207C054000718913 /* SVNFormError.swift in Sources */ = {isa = PBXBuildFile; fileRef = 89B2BEE7207C053D00718913 /* SVNFormError.swift */; };
		89B2BF02207C054000718913 /* SVNFormDisclosureButton.swift in Sources */ = {isa = PBXBuildFile; fileRef = 89B2BEE8207C053E00718913 /* SVNFormDisclosureButton.swift */; };
		89B2BF03207C054000718913 /* SVNFormToggleView.swift in Sources */ = {isa = PBXBuildFile; fileRef = 89B2BEE9207C053E00718913 /* SVNFormToggleView.swift */; };
		89B2BF04207C054000718913 /* SVNLargeButton.swift in Sources */ = {isa = PBXBuildFile; fileRef = 89B2BEEA207C053E00718913 /* SVNLargeButton.swift */; };
		89B2BF05207C054000718913 /* SVNFormTextField.swift in Sources */ = {isa = PBXBuildFile; fileRef = 89B2BEEB207C053E00718913 /* SVNFormTextField.swift */; };
		89B2BF06207C054000718913 /* SVNTermsFieldType.swift in Sources */ = {isa = PBXBuildFile; fileRef = 89B2BEEC207C053E00718913 /* SVNTermsFieldType.swift */; };
		89B2BF07207C054000718913 /* SVNToggleType.swift in Sources */ = {isa = PBXBuildFile; fileRef = 89B2BEED207C053E00718913 /* SVNToggleType.swift */; };
		89B2BF08207C054000718913 /* SVNFormToolbar.swift in Sources */ = {isa = PBXBuildFile; fileRef = 89B2BEEE207C053E00718913 /* SVNFormToolbar.swift */; };
		89B2BF09207C054000718913 /* SVNFormTheme.swift in Sources */ = {isa = PBXBuildFile; fileRef = 89B2BEEF207C053E00718913 /* SVNFormTheme.swift */; };
		89B2BF0A207C054000718913 /* FinePrintCreatable.swift in Sources */ = {isa = PBXBuildFile; fileRef = 89B2BEF0207C053F00718913 /* FinePrintCreatable.swift */; };
		89B2BF0B207C054000718913 /* SVNFormCheckMarkView.swift in Sources */ = {isa = PBXBuildFile; fileRef = 89B2BEF1207C053F00718913 /* SVNFormCheckMarkView.swift */; };
		89B2BF0C207C054000718913 /* BDFormTypeAliases.swift in Sources */ = {isa = PBXBuildFile; fileRef = 89B2BEF2207C053F00718913 /* BDFormTypeAliases.swift */; };
		89B2BF0D207C054000718913 /* SVNFormDatePickerType.swift in Sources */ = {isa = PBXBuildFile; fileRef = 89B2BEF3207C053F00718913 /* SVNFormDatePickerType.swift */; };
		89B2BF0E207C054000718913 /* SVNTermsActionSheetDatasource.swift in Sources */ = {isa = PBXBuildFile; fileRef = 89B2BEF4207C053F00718913 /* SVNTermsActionSheetDatasource.swift */; };
		89B2BF0F207C054000718913 /* TermsActionSheetPresentable.swift in Sources */ = {isa = PBXBuildFile; fileRef = 89B2BEF5207C053F00718913 /* TermsActionSheetPresentable.swift */; };
		89B2BF10207C054000718913 /* SVNFormViewController.swift in Sources */ = {isa = PBXBuildFile; fileRef = 89B2BEF6207C053F00718913 /* SVNFormViewController.swift */; };
		89B2BF11207C054000718913 /* SVNFormTermsOverlay.swift in Sources */ = {isa = PBXBuildFile; fileRef = 89B2BEF7207C054000718913 /* SVNFormTermsOverlay.swift */; };
		89B2BF28207C05A100718913 /* LocalFormDataSource.swift in Sources */ = {isa = PBXBuildFile; fileRef = 89B2BF24207C05A000718913 /* LocalFormDataSource.swift */; };
		89B2BF29207C05A100718913 /* LocalFormTheme.swift in Sources */ = {isa = PBXBuildFile; fileRef = 89B2BF25207C05A000718913 /* LocalFormTheme.swift */; };
		89B2BF2A207C05A100718913 /* LocalButtonDataSource.swift in Sources */ = {isa = PBXBuildFile; fileRef = 89B2BF26207C05A000718913 /* LocalButtonDataSource.swift */; };
		89B2BF2B207C05A100718913 /* LocalFormFieldType.swift in Sources */ = {isa = PBXBuildFile; fileRef = 89B2BF27207C05A000718913 /* LocalFormFieldType.swift */; };
		89B2BF2D207C073C00718913 /* LocalDatePickerType.swift in Sources */ = {isa = PBXBuildFile; fileRef = 89B2BF2C207C073C00718913 /* LocalDatePickerType.swift */; };
		89D45D78207965CB00D3536F /* Roboto-Bold.ttf in Resources */ = {isa = PBXBuildFile; fileRef = 89D45D74207965CA00D3536F /* Roboto-Bold.ttf */; };
		89D45D79207965CB00D3536F /* Roboto-Regular.ttf in Resources */ = {isa = PBXBuildFile; fileRef = 89D45D75207965CB00D3536F /* Roboto-Regular.ttf */; };
		89D45D7A207965CB00D3536F /* Roboto-Light.ttf in Resources */ = {isa = PBXBuildFile; fileRef = 89D45D76207965CB00D3536F /* Roboto-Light.ttf */; };
		89D45D7B207965CB00D3536F /* Roboto-Medium.ttf in Resources */ = {isa = PBXBuildFile; fileRef = 89D45D77207965CB00D3536F /* Roboto-Medium.ttf */; };
		89D45D80207974C400D3536F /* CoordinatableViewController.swift in Sources */ = {isa = PBXBuildFile; fileRef = 89D45D7F207974C400D3536F /* CoordinatableViewController.swift */; };
		89D45D8920797D5300D3536F /* Launch Screen.storyboard in Resources */ = {isa = PBXBuildFile; fileRef = 89D45D8820797D5300D3536F /* Launch Screen.storyboard */; };
		89D45D8D2079825300D3536F /* ActivityState.swift in Sources */ = {isa = PBXBuildFile; fileRef = 89D45D8C2079825300D3536F /* ActivityState.swift */; };
		89E4593F20795B3D00643F9D /* ActivitiesVC.swift in Sources */ = {isa = PBXBuildFile; fileRef = 89E4593E20795B3D00643F9D /* ActivitiesVC.swift */; };
		89E4594220795BED00643F9D /* PopButton.swift in Sources */ = {isa = PBXBuildFile; fileRef = 89E4594120795BED00643F9D /* PopButton.swift */; };
		89E4594420795D3A00643F9D /* Theme.swift in Sources */ = {isa = PBXBuildFile; fileRef = 89E4594320795D3A00643F9D /* Theme.swift */; };
/* End PBXBuildFile section */

/* Begin PBXFileReference section */
		8900761A2081324200C13338 /* Validatable.swift */ = {isa = PBXFileReference; fileEncoding = 4; lastKnownFileType = sourcecode.swift; path = Validatable.swift; sourceTree = "<group>"; };
		8900761B2081324200C13338 /* ValidationDelegate.swift */ = {isa = PBXFileReference; fileEncoding = 4; lastKnownFileType = sourcecode.swift; path = ValidationDelegate.swift; sourceTree = "<group>"; };
		8900761C2081324200C13338 /* ValidatorDictionary.swift */ = {isa = PBXFileReference; fileEncoding = 4; lastKnownFileType = sourcecode.swift; path = ValidatorDictionary.swift; sourceTree = "<group>"; };
		8900761D2081324200C13338 /* ValidationError.swift */ = {isa = PBXFileReference; fileEncoding = 4; lastKnownFileType = sourcecode.swift; path = ValidationError.swift; sourceTree = "<group>"; };
		890076252081325300C13338 /* AlphaNumericRule.swift */ = {isa = PBXFileReference; fileEncoding = 4; lastKnownFileType = sourcecode.swift; path = AlphaNumericRule.swift; sourceTree = "<group>"; };
		890076262081325300C13338 /* RequiredRule.swift */ = {isa = PBXFileReference; fileEncoding = 4; lastKnownFileType = sourcecode.swift; path = RequiredRule.swift; sourceTree = "<group>"; };
		890076272081325300C13338 /* EmailRule.swift */ = {isa = PBXFileReference; fileEncoding = 4; lastKnownFileType = sourcecode.swift; path = EmailRule.swift; sourceTree = "<group>"; };
		890076282081325300C13338 /* ValidationRule.swift */ = {isa = PBXFileReference; fileEncoding = 4; lastKnownFileType = sourcecode.swift; path = ValidationRule.swift; sourceTree = "<group>"; };
		890076292081325300C13338 /* SSNRule.swift */ = {isa = PBXFileReference; fileEncoding = 4; lastKnownFileType = sourcecode.swift; path = SSNRule.swift; sourceTree = "<group>"; };
		8900762A2081325300C13338 /* HexColorRule.swift */ = {isa = PBXFileReference; fileEncoding = 4; lastKnownFileType = sourcecode.swift; path = HexColorRule.swift; sourceTree = "<group>"; };
		8900762B2081325300C13338 /* MinDateRule.swift */ = {isa = PBXFileReference; fileEncoding = 4; lastKnownFileType = sourcecode.swift; path = MinDateRule.swift; sourceTree = "<group>"; };
		8900762C2081325400C13338 /* RegexRule.swift */ = {isa = PBXFileReference; fileEncoding = 4; lastKnownFileType = sourcecode.swift; path = RegexRule.swift; sourceTree = "<group>"; };
		8900762D2081325400C13338 /* ConfirmRule.swift */ = {isa = PBXFileReference; fileEncoding = 4; lastKnownFileType = sourcecode.swift; path = ConfirmRule.swift; sourceTree = "<group>"; };
		8900762E2081325400C13338 /* MaxLengthRule.swift */ = {isa = PBXFileReference; fileEncoding = 4; lastKnownFileType = sourcecode.swift; path = MaxLengthRule.swift; sourceTree = "<group>"; };
		8900762F2081325400C13338 /* MinLengthRule.swift */ = {isa = PBXFileReference; fileEncoding = 4; lastKnownFileType = sourcecode.swift; path = MinLengthRule.swift; sourceTree = "<group>"; };
		890076302081325400C13338 /* RoutingNumberRule.swift */ = {isa = PBXFileReference; fileEncoding = 4; lastKnownFileType = sourcecode.swift; path = RoutingNumberRule.swift; sourceTree = "<group>"; };
		890076312081325400C13338 /* ZipCodeRule.swift */ = {isa = PBXFileReference; fileEncoding = 4; lastKnownFileType = sourcecode.swift; path = ZipCodeRule.swift; sourceTree = "<group>"; };
		890076322081325400C13338 /* AlphaRule.swift */ = {isa = PBXFileReference; fileEncoding = 4; lastKnownFileType = sourcecode.swift; path = AlphaRule.swift; sourceTree = "<group>"; };
		890076332081325400C13338 /* CharacterSetRule.swift */ = {isa = PBXFileReference; fileEncoding = 4; lastKnownFileType = sourcecode.swift; path = CharacterSetRule.swift; sourceTree = "<group>"; };
		890076342081325500C13338 /* IPV4Rule.swift */ = {isa = PBXFileReference; fileEncoding = 4; lastKnownFileType = sourcecode.swift; path = IPV4Rule.swift; sourceTree = "<group>"; };
		890076352081325500C13338 /* FullNameRule.swift */ = {isa = PBXFileReference; fileEncoding = 4; lastKnownFileType = sourcecode.swift; path = FullNameRule.swift; sourceTree = "<group>"; };
		890076362081325500C13338 /* ISBNRule.swift */ = {isa = PBXFileReference; fileEncoding = 4; lastKnownFileType = sourcecode.swift; path = ISBNRule.swift; sourceTree = "<group>"; };
		890076372081325500C13338 /* DateConvertable.swift */ = {isa = PBXFileReference; fileEncoding = 4; lastKnownFileType = sourcecode.swift; path = DateConvertable.swift; sourceTree = "<group>"; };
		890076382081325500C13338 /* ExactLengthRule.swift */ = {isa = PBXFileReference; fileEncoding = 4; lastKnownFileType = sourcecode.swift; path = ExactLengthRule.swift; sourceTree = "<group>"; };
		890076392081325500C13338 /* PasswordRule.swift */ = {isa = PBXFileReference; fileEncoding = 4; lastKnownFileType = sourcecode.swift; path = PasswordRule.swift; sourceTree = "<group>"; };
		8900763A2081325500C13338 /* FloatRule.swift */ = {isa = PBXFileReference; fileEncoding = 4; lastKnownFileType = sourcecode.swift; path = FloatRule.swift; sourceTree = "<group>"; };
		8900763B2081325500C13338 /* PhoneNumberRule.swift */ = {isa = PBXFileReference; fileEncoding = 4; lastKnownFileType = sourcecode.swift; path = PhoneNumberRule.swift; sourceTree = "<group>"; };
		8900763C2081325500C13338 /* Rule.swift */ = {isa = PBXFileReference; fileEncoding = 4; lastKnownFileType = sourcecode.swift; path = Rule.swift; sourceTree = "<group>"; };
		89007655208132C500C13338 /* Validator.swift */ = {isa = PBXFileReference; fileEncoding = 4; lastKnownFileType = sourcecode.swift; path = Validator.swift; sourceTree = "<group>"; };
		891732F920782DC700001EAB /* FitBot_Activity_Tracker.app */ = {isa = PBXFileReference; explicitFileType = wrapper.application; includeInIndex = 0; path = FitBot_Activity_Tracker.app; sourceTree = BUILT_PRODUCTS_DIR; };
		891732FC20782DC700001EAB /* AppDelegate.swift */ = {isa = PBXFileReference; lastKnownFileType = sourcecode.swift; path = AppDelegate.swift; sourceTree = "<group>"; };
		8917330320782DC900001EAB /* Assets.xcassets */ = {isa = PBXFileReference; lastKnownFileType = folder.assetcatalog; path = Assets.xcassets; sourceTree = "<group>"; };
		8917330820782DC900001EAB /* Info.plist */ = {isa = PBXFileReference; lastKnownFileType = text.plist.xml; path = Info.plist; sourceTree = "<group>"; };
		8917330E20782F6B00001EAB /* NavigationCoordinator.swift */ = {isa = PBXFileReference; fileEncoding = 4; lastKnownFileType = sourcecode.swift; path = NavigationCoordinator.swift; sourceTree = "<group>"; };
		8917330F20782F6B00001EAB /* Coordinator.swift */ = {isa = PBXFileReference; fileEncoding = 4; lastKnownFileType = sourcecode.swift; path = Coordinator.swift; sourceTree = "<group>"; };
		8917331020782F6B00001EAB /* UIKit-CoordinatingExtensions.swift */ = {isa = PBXFileReference; fileEncoding = 4; lastKnownFileType = sourcecode.swift; path = "UIKit-CoordinatingExtensions.swift"; sourceTree = "<group>"; };
		8917331120782F6C00001EAB /* Coordinating.swift */ = {isa = PBXFileReference; fileEncoding = 4; lastKnownFileType = sourcecode.swift; path = Coordinating.swift; sourceTree = "<group>"; };
		891733172078324700001EAB /* NeedsDependency.swift */ = {isa = PBXFileReference; lastKnownFileType = sourcecode.swift; path = NeedsDependency.swift; sourceTree = "<group>"; };
		8917331A2078329200001EAB /* AppDependency.swift */ = {isa = PBXFileReference; lastKnownFileType = sourcecode.swift; path = AppDependency.swift; sourceTree = "<group>"; };
		8917331E2078333D00001EAB /* ApplicationCoordinator.swift */ = {isa = PBXFileReference; lastKnownFileType = sourcecode.swift; path = ApplicationCoordinator.swift; sourceTree = "<group>"; };
		8955E36D207C0F1200B7DDCB /* Content.swift */ = {isa = PBXFileReference; lastKnownFileType = sourcecode.swift; path = Content.swift; sourceTree = "<group>"; };
		8955E36F207C4DED00B7DDCB /* LocalPickerType.swift */ = {isa = PBXFileReference; lastKnownFileType = sourcecode.swift; path = LocalPickerType.swift; sourceTree = "<group>"; };
		8955E371207C600300B7DDCB /* Networking.swift */ = {isa = PBXFileReference; lastKnownFileType = sourcecode.swift; path = Networking.swift; sourceTree = "<group>"; };
		8955E373207D9B8600B7DDCB /* Activity.swift */ = {isa = PBXFileReference; lastKnownFileType = sourcecode.swift; path = Activity.swift; sourceTree = "<group>"; };
		8955E375207D9C1A00B7DDCB /* ActivitiesDataSource.swift */ = {isa = PBXFileReference; lastKnownFileType = sourcecode.swift; path = ActivitiesDataSource.swift; sourceTree = "<group>"; };
		8955E377207D9CE100B7DDCB /* ActivityMetaTableViewCell.swift */ = {isa = PBXFileReference; lastKnownFileType = sourcecode.swift; path = ActivityMetaTableViewCell.swift; sourceTree = "<group>"; };
		8955E37A207E4C8B00B7DDCB /* Strava.swift */ = {isa = PBXFileReference; lastKnownFileType = sourcecode.swift; path = Strava.swift; sourceTree = "<group>"; };
		8955E37E207ED95100B7DDCB /* StravaAuthVC.swift */ = {isa = PBXFileReference; lastKnownFileType = sourcecode.swift; path = StravaAuthVC.swift; sourceTree = "<group>"; };
		8955E382207F051C00B7DDCB /* ActivityDetailsVC.swift */ = {isa = PBXFileReference; lastKnownFileType = sourcecode.swift; path = ActivityDetailsVC.swift; sourceTree = "<group>"; };
		8955E389207F06D900B7DDCB /* ActivityDetailsView.swift */ = {isa = PBXFileReference; lastKnownFileType = sourcecode.swift; path = ActivityDetailsView.swift; sourceTree = "<group>"; };
		8959E96E207C005D00753F41 /* SVNBootstraper.framework */ = {isa = PBXFileReference; lastKnownFileType = wrapper.framework; name = SVNBootstraper.framework; path = Carthage/Build/iOS/SVNBootstraper.framework; sourceTree = "<group>"; };
		8959E970207C005D00753F41 /* DeviceKit.framework */ = {isa = PBXFileReference; lastKnownFileType = wrapper.framework; name = DeviceKit.framework; path = Carthage/Build/iOS/DeviceKit.framework; sourceTree = "<group>"; };
		8959E972207C005D00753F41 /* SVNShapesManager.framework */ = {isa = PBXFileReference; lastKnownFileType = wrapper.framework; name = SVNShapesManager.framework; path = Carthage/Build/iOS/SVNShapesManager.framework; sourceTree = "<group>"; };
		8959E973207C005D00753F41 /* SVNTheme.framework */ = {isa = PBXFileReference; lastKnownFileType = wrapper.framework; name = SVNTheme.framework; path = Carthage/Build/iOS/SVNTheme.framework; sourceTree = "<group>"; };
		8959E974207C005D00753F41 /* SwiftEssentials.framework */ = {isa = PBXFileReference; lastKnownFileType = wrapper.framework; name = SwiftEssentials.framework; path = Carthage/Build/iOS/SwiftEssentials.framework; sourceTree = "<group>"; };
		897B67EB207ACC25002E0120 /* NewActivityBackgroundView.swift */ = {isa = PBXFileReference; lastKnownFileType = sourcecode.swift; path = NewActivityBackgroundView.swift; sourceTree = "<group>"; };
		897B67F0207AFCF9002E0120 /* ActivityCoordinator.swift */ = {isa = PBXFileReference; lastKnownFileType = sourcecode.swift; path = ActivityCoordinator.swift; sourceTree = "<group>"; };
		897B67F2207B02CA002E0120 /* PresentReverseAnimator.swift */ = {isa = PBXFileReference; fileEncoding = 4; lastKnownFileType = sourcecode.swift; path = PresentReverseAnimator.swift; sourceTree = "<group>"; };
		897B67F6207B0B48002E0120 /* NewActivityVC.swift */ = {isa = PBXFileReference; lastKnownFileType = sourcecode.swift; path = NewActivityVC.swift; sourceTree = "<group>"; };
		89B2BEDE207C053C00718913 /* SVNFormPlaceholderLabel.swift */ = {isa = PBXFileReference; fileEncoding = 4; lastKnownFileType = sourcecode.swift; path = SVNFormPlaceholderLabel.swift; sourceTree = "<group>"; };
		89B2BEDF207C053D00718913 /* SVNFormPickerType.swift */ = {isa = PBXFileReference; fileEncoding = 4; lastKnownFileType = sourcecode.swift; path = SVNFormPickerType.swift; sourceTree = "<group>"; };
		89B2BEE0207C053D00718913 /* SVNFormViewModel.swift */ = {isa = PBXFileReference; fileEncoding = 4; lastKnownFileType = sourcecode.swift; path = SVNFormViewModel.swift; sourceTree = "<group>"; };
		89B2BEE1207C053D00718913 /* LWDatePickerView.swift */ = {isa = PBXFileReference; fileEncoding = 4; lastKnownFileType = sourcecode.swift; path = LWDatePickerView.swift; sourceTree = "<group>"; };
		89B2BEE2207C053D00718913 /* SVNFormFieldType.swift */ = {isa = PBXFileReference; fileEncoding = 4; lastKnownFileType = sourcecode.swift; path = SVNFormFieldType.swift; sourceTree = "<group>"; };
		89B2BEE3207C053D00718913 /* SVNFormFieldView.swift */ = {isa = PBXFileReference; fileEncoding = 4; lastKnownFileType = sourcecode.swift; path = SVNFormFieldView.swift; sourceTree = "<group>"; };
		89B2BEE4207C053D00718913 /* SVNFormPickerView.swift */ = {isa = PBXFileReference; fileEncoding = 4; lastKnownFileType = sourcecode.swift; path = SVNFormPickerView.swift; sourceTree = "<group>"; };
		89B2BEE5207C053D00718913 /* SVNLargeButtonDatasource.swift */ = {isa = PBXFileReference; fileEncoding = 4; lastKnownFileType = sourcecode.swift; path = SVNLargeButtonDatasource.swift; sourceTree = "<group>"; };
		89B2BEE6207C053D00718913 /* DeviceSize.swift */ = {isa = PBXFileReference; fileEncoding = 4; lastKnownFileType = sourcecode.swift; path = DeviceSize.swift; sourceTree = "<group>"; };
		89B2BEE7207C053D00718913 /* SVNFormError.swift */ = {isa = PBXFileReference; fileEncoding = 4; lastKnownFileType = sourcecode.swift; path = SVNFormError.swift; sourceTree = "<group>"; };
		89B2BEE8207C053E00718913 /* SVNFormDisclosureButton.swift */ = {isa = PBXFileReference; fileEncoding = 4; lastKnownFileType = sourcecode.swift; path = SVNFormDisclosureButton.swift; sourceTree = "<group>"; };
		89B2BEE9207C053E00718913 /* SVNFormToggleView.swift */ = {isa = PBXFileReference; fileEncoding = 4; lastKnownFileType = sourcecode.swift; path = SVNFormToggleView.swift; sourceTree = "<group>"; };
		89B2BEEA207C053E00718913 /* SVNLargeButton.swift */ = {isa = PBXFileReference; fileEncoding = 4; lastKnownFileType = sourcecode.swift; path = SVNLargeButton.swift; sourceTree = "<group>"; };
		89B2BEEB207C053E00718913 /* SVNFormTextField.swift */ = {isa = PBXFileReference; fileEncoding = 4; lastKnownFileType = sourcecode.swift; path = SVNFormTextField.swift; sourceTree = "<group>"; };
		89B2BEEC207C053E00718913 /* SVNTermsFieldType.swift */ = {isa = PBXFileReference; fileEncoding = 4; lastKnownFileType = sourcecode.swift; path = SVNTermsFieldType.swift; sourceTree = "<group>"; };
		89B2BEED207C053E00718913 /* SVNToggleType.swift */ = {isa = PBXFileReference; fileEncoding = 4; lastKnownFileType = sourcecode.swift; path = SVNToggleType.swift; sourceTree = "<group>"; };
		89B2BEEE207C053E00718913 /* SVNFormToolbar.swift */ = {isa = PBXFileReference; fileEncoding = 4; lastKnownFileType = sourcecode.swift; path = SVNFormToolbar.swift; sourceTree = "<group>"; };
		89B2BEEF207C053E00718913 /* SVNFormTheme.swift */ = {isa = PBXFileReference; fileEncoding = 4; lastKnownFileType = sourcecode.swift; path = SVNFormTheme.swift; sourceTree = "<group>"; };
		89B2BEF0207C053F00718913 /* FinePrintCreatable.swift */ = {isa = PBXFileReference; fileEncoding = 4; lastKnownFileType = sourcecode.swift; path = FinePrintCreatable.swift; sourceTree = "<group>"; };
		89B2BEF1207C053F00718913 /* SVNFormCheckMarkView.swift */ = {isa = PBXFileReference; fileEncoding = 4; lastKnownFileType = sourcecode.swift; path = SVNFormCheckMarkView.swift; sourceTree = "<group>"; };
		89B2BEF2207C053F00718913 /* BDFormTypeAliases.swift */ = {isa = PBXFileReference; fileEncoding = 4; lastKnownFileType = sourcecode.swift; path = BDFormTypeAliases.swift; sourceTree = "<group>"; };
		89B2BEF3207C053F00718913 /* SVNFormDatePickerType.swift */ = {isa = PBXFileReference; fileEncoding = 4; lastKnownFileType = sourcecode.swift; path = SVNFormDatePickerType.swift; sourceTree = "<group>"; };
		89B2BEF4207C053F00718913 /* SVNTermsActionSheetDatasource.swift */ = {isa = PBXFileReference; fileEncoding = 4; lastKnownFileType = sourcecode.swift; path = SVNTermsActionSheetDatasource.swift; sourceTree = "<group>"; };
		89B2BEF5207C053F00718913 /* TermsActionSheetPresentable.swift */ = {isa = PBXFileReference; fileEncoding = 4; lastKnownFileType = sourcecode.swift; path = TermsActionSheetPresentable.swift; sourceTree = "<group>"; };
		89B2BEF6207C053F00718913 /* SVNFormViewController.swift */ = {isa = PBXFileReference; fileEncoding = 4; lastKnownFileType = sourcecode.swift; path = SVNFormViewController.swift; sourceTree = "<group>"; };
		89B2BEF7207C054000718913 /* SVNFormTermsOverlay.swift */ = {isa = PBXFileReference; fileEncoding = 4; lastKnownFileType = sourcecode.swift; path = SVNFormTermsOverlay.swift; sourceTree = "<group>"; };
		89B2BF24207C05A000718913 /* LocalFormDataSource.swift */ = {isa = PBXFileReference; fileEncoding = 4; lastKnownFileType = sourcecode.swift; path = LocalFormDataSource.swift; sourceTree = "<group>"; };
		89B2BF25207C05A000718913 /* LocalFormTheme.swift */ = {isa = PBXFileReference; fileEncoding = 4; lastKnownFileType = sourcecode.swift; path = LocalFormTheme.swift; sourceTree = "<group>"; };
		89B2BF26207C05A000718913 /* LocalButtonDataSource.swift */ = {isa = PBXFileReference; fileEncoding = 4; lastKnownFileType = sourcecode.swift; path = LocalButtonDataSource.swift; sourceTree = "<group>"; };
		89B2BF27207C05A000718913 /* LocalFormFieldType.swift */ = {isa = PBXFileReference; fileEncoding = 4; lastKnownFileType = sourcecode.swift; path = LocalFormFieldType.swift; sourceTree = "<group>"; };
		89B2BF2C207C073C00718913 /* LocalDatePickerType.swift */ = {isa = PBXFileReference; lastKnownFileType = sourcecode.swift; path = LocalDatePickerType.swift; sourceTree = "<group>"; };
		89D45D74207965CA00D3536F /* Roboto-Bold.ttf */ = {isa = PBXFileReference; lastKnownFileType = file; path = "Roboto-Bold.ttf"; sourceTree = "<group>"; };
		89D45D75207965CB00D3536F /* Roboto-Regular.ttf */ = {isa = PBXFileReference; lastKnownFileType = file; path = "Roboto-Regular.ttf"; sourceTree = "<group>"; };
		89D45D76207965CB00D3536F /* Roboto-Light.ttf */ = {isa = PBXFileReference; lastKnownFileType = file; path = "Roboto-Light.ttf"; sourceTree = "<group>"; };
		89D45D77207965CB00D3536F /* Roboto-Medium.ttf */ = {isa = PBXFileReference; lastKnownFileType = file; path = "Roboto-Medium.ttf"; sourceTree = "<group>"; };
		89D45D7F207974C400D3536F /* CoordinatableViewController.swift */ = {isa = PBXFileReference; lastKnownFileType = sourcecode.swift; path = CoordinatableViewController.swift; sourceTree = "<group>"; };
		89D45D8820797D5300D3536F /* Launch Screen.storyboard */ = {isa = PBXFileReference; lastKnownFileType = file.storyboard; path = "Launch Screen.storyboard"; sourceTree = "<group>"; };
		89D45D8C2079825300D3536F /* ActivityState.swift */ = {isa = PBXFileReference; lastKnownFileType = sourcecode.swift; path = ActivityState.swift; sourceTree = "<group>"; };
		89E4593E20795B3D00643F9D /* ActivitiesVC.swift */ = {isa = PBXFileReference; lastKnownFileType = sourcecode.swift; path = ActivitiesVC.swift; sourceTree = "<group>"; };
		89E4594120795BED00643F9D /* PopButton.swift */ = {isa = PBXFileReference; lastKnownFileType = sourcecode.swift; path = PopButton.swift; sourceTree = "<group>"; };
		89E4594320795D3A00643F9D /* Theme.swift */ = {isa = PBXFileReference; lastKnownFileType = sourcecode.swift; path = Theme.swift; sourceTree = "<group>"; };
/* End PBXFileReference section */

/* Begin PBXFrameworksBuildPhase section */
		891732F620782DC700001EAB /* Frameworks */ = {
			isa = PBXFrameworksBuildPhase;
			buildActionMask = 2147483647;
			files = (
				8959E975207C005D00753F41 /* SVNBootstraper.framework in Frameworks */,
				8959E977207C005D00753F41 /* DeviceKit.framework in Frameworks */,
				8959E979207C005D00753F41 /* SVNShapesManager.framework in Frameworks */,
				8959E97A207C005D00753F41 /* SVNTheme.framework in Frameworks */,
				8959E97B207C005D00753F41 /* SwiftEssentials.framework in Frameworks */,
			);
			runOnlyForDeploymentPostprocessing = 0;
		};
/* End PBXFrameworksBuildPhase section */

/* Begin PBXGroup section */
		890076182081322700C13338 /* SwiftValidator */ = {
			isa = PBXGroup;
			children = (
				890076242081324600C13338 /* Rules */,
				890076192081323800C13338 /* Core */,
			);
			path = SwiftValidator;
			sourceTree = "<group>";
		};
		890076192081323800C13338 /* Core */ = {
			isa = PBXGroup;
			children = (
				8900761A2081324200C13338 /* Validatable.swift */,
				8900761B2081324200C13338 /* ValidationDelegate.swift */,
				8900761D2081324200C13338 /* ValidationError.swift */,
				89007655208132C500C13338 /* Validator.swift */,
				8900761C2081324200C13338 /* ValidatorDictionary.swift */,
			);
			path = Core;
			sourceTree = "<group>";
		};
		890076242081324600C13338 /* Rules */ = {
			isa = PBXGroup;
			children = (
				890076252081325300C13338 /* AlphaNumericRule.swift */,
				890076322081325400C13338 /* AlphaRule.swift */,
				890076332081325400C13338 /* CharacterSetRule.swift */,
				8900762D2081325400C13338 /* ConfirmRule.swift */,
				890076372081325500C13338 /* DateConvertable.swift */,
				890076272081325300C13338 /* EmailRule.swift */,
				890076382081325500C13338 /* ExactLengthRule.swift */,
				8900763A2081325500C13338 /* FloatRule.swift */,
				890076352081325500C13338 /* FullNameRule.swift */,
				8900762A2081325300C13338 /* HexColorRule.swift */,
				890076342081325500C13338 /* IPV4Rule.swift */,
				890076362081325500C13338 /* ISBNRule.swift */,
				8900762E2081325400C13338 /* MaxLengthRule.swift */,
				8900762B2081325300C13338 /* MinDateRule.swift */,
				8900762F2081325400C13338 /* MinLengthRule.swift */,
				890076392081325500C13338 /* PasswordRule.swift */,
				8900763B2081325500C13338 /* PhoneNumberRule.swift */,
				8900762C2081325400C13338 /* RegexRule.swift */,
				890076262081325300C13338 /* RequiredRule.swift */,
				890076302081325400C13338 /* RoutingNumberRule.swift */,
				8900763C2081325500C13338 /* Rule.swift */,
				890076292081325300C13338 /* SSNRule.swift */,
				890076282081325300C13338 /* ValidationRule.swift */,
				890076312081325400C13338 /* ZipCodeRule.swift */,
			);
			path = Rules;
			sourceTree = "<group>";
		};
		891732F020782DC700001EAB = {
			isa = PBXGroup;
			children = (
				891732FB20782DC700001EAB /* FitBot_Activity_Tracker */,
				891732FA20782DC700001EAB /* Products */,
				8959E96D207C005D00753F41 /* Frameworks */,
			);
			sourceTree = "<group>";
		};
		891732FA20782DC700001EAB /* Products */ = {
			isa = PBXGroup;
			children = (
				891732F920782DC700001EAB /* FitBot_Activity_Tracker.app */,
			);
			name = Products;
			sourceTree = "<group>";
		};
		891732FB20782DC700001EAB /* FitBot_Activity_Tracker */ = {
			isa = PBXGroup;
			children = (
				891732FC20782DC700001EAB /* AppDelegate.swift */,
				89D45D8B2079823B00D3536F /* Model */,
				8917331C2078332400001EAB /* Dependencies */,
				891733192078325900001EAB /* Coordinators */,
				89E4593D20795B1300643F9D /* ViewControllers */,
				897B67EF207AF8CE002E0120 /* AnimationController */,
				89E4594020795BCA00643F9D /* Views */,
				89D45D7D207965DD00D3536F /* Includes */,
			);
			path = FitBot_Activity_Tracker;
			sourceTree = "<group>";
		};
		8917331620782F7100001EAB /* Coordinating */ = {
			isa = PBXGroup;
			children = (
				891733172078324700001EAB /* NeedsDependency.swift */,
				8917331120782F6C00001EAB /* Coordinating.swift */,
				8917330F20782F6B00001EAB /* Coordinator.swift */,
				8917331020782F6B00001EAB /* UIKit-CoordinatingExtensions.swift */,
				8917330E20782F6B00001EAB /* NavigationCoordinator.swift */,
				89D45D7F207974C400D3536F /* CoordinatableViewController.swift */,
			);
			path = Coordinating;
			sourceTree = "<group>";
		};
		891733192078325900001EAB /* Coordinators */ = {
			isa = PBXGroup;
			children = (
				8917331E2078333D00001EAB /* ApplicationCoordinator.swift */,
				897B67F0207AFCF9002E0120 /* ActivityCoordinator.swift */,
			);
			path = Coordinators;
			sourceTree = "<group>";
		};
		8917331C2078332400001EAB /* Dependencies */ = {
			isa = PBXGroup;
			children = (
				890076182081322700C13338 /* SwiftValidator */,
				8917331620782F7100001EAB /* Coordinating */,
				89B2BEDD207C052600718913 /* SVNForm */,
			);
			path = Dependencies;
			sourceTree = "<group>";
		};
		8955E379207D9CE800B7DDCB /* TableViewCell */ = {
			isa = PBXGroup;
			children = (
				8955E377207D9CE100B7DDCB /* ActivityMetaTableViewCell.swift */,
			);
			path = TableViewCell;
			sourceTree = "<group>";
		};
		8955E386207F058A00B7DDCB /* UITableViewDataSource */ = {
			isa = PBXGroup;
			children = (
				8955E375207D9C1A00B7DDCB /* ActivitiesDataSource.swift */,
			);
			path = UITableViewDataSource;
			sourceTree = "<group>";
		};
		8955E38B207F0AA000B7DDCB /* View */ = {
			isa = PBXGroup;
			children = (
				8955E389207F06D900B7DDCB /* ActivityDetailsView.swift */,
			);
			path = View;
			sourceTree = "<group>";
		};
		8959E96D207C005D00753F41 /* Frameworks */ = {
			isa = PBXGroup;
			children = (
				8959E970207C005D00753F41 /* DeviceKit.framework */,
				8959E96E207C005D00753F41 /* SVNBootstraper.framework */,
				8959E972207C005D00753F41 /* SVNShapesManager.framework */,
				8959E973207C005D00753F41 /* SVNTheme.framework */,
				8959E974207C005D00753F41 /* SwiftEssentials.framework */,
			);
			name = Frameworks;
			sourceTree = "<group>";
		};
		897B67EA207ACC15002E0120 /* Backgrounds */ = {
			isa = PBXGroup;
			children = (
				897B67EB207ACC25002E0120 /* NewActivityBackgroundView.swift */,
			);
			path = Backgrounds;
			sourceTree = "<group>";
		};
		897B67EF207AF8CE002E0120 /* AnimationController */ = {
			isa = PBXGroup;
			children = (
				897B67F2207B02CA002E0120 /* PresentReverseAnimator.swift */,
			);
			path = AnimationController;
			sourceTree = "<group>";
		};
		89B2BEDD207C052600718913 /* SVNForm */ = {
			isa = PBXGroup;
			children = (
				89B2BEF2207C053F00718913 /* BDFormTypeAliases.swift */,
				89B2BEE6207C053D00718913 /* DeviceSize.swift */,
				89B2BEF0207C053F00718913 /* FinePrintCreatable.swift */,
				89B2BEE1207C053D00718913 /* LWDatePickerView.swift */,
				89B2BEF1207C053F00718913 /* SVNFormCheckMarkView.swift */,
				89B2BEF3207C053F00718913 /* SVNFormDatePickerType.swift */,
				89B2BEE8207C053E00718913 /* SVNFormDisclosureButton.swift */,
				89B2BEE7207C053D00718913 /* SVNFormError.swift */,
				89B2BEE2207C053D00718913 /* SVNFormFieldType.swift */,
				89B2BEE3207C053D00718913 /* SVNFormFieldView.swift */,
				89B2BEDF207C053D00718913 /* SVNFormPickerType.swift */,
				89B2BEE4207C053D00718913 /* SVNFormPickerView.swift */,
				89B2BEDE207C053C00718913 /* SVNFormPlaceholderLabel.swift */,
				89B2BEF7207C054000718913 /* SVNFormTermsOverlay.swift */,
				89B2BEEB207C053E00718913 /* SVNFormTextField.swift */,
				89B2BEEF207C053E00718913 /* SVNFormTheme.swift */,
				89B2BEE9207C053E00718913 /* SVNFormToggleView.swift */,
				89B2BEEE207C053E00718913 /* SVNFormToolbar.swift */,
				89B2BEF6207C053F00718913 /* SVNFormViewController.swift */,
				89B2BEE0207C053D00718913 /* SVNFormViewModel.swift */,
				89B2BEEA207C053E00718913 /* SVNLargeButton.swift */,
				89B2BEE5207C053D00718913 /* SVNLargeButtonDatasource.swift */,
				89B2BEF4207C053F00718913 /* SVNTermsActionSheetDatasource.swift */,
				89B2BEEC207C053E00718913 /* SVNTermsFieldType.swift */,
				89B2BEED207C053E00718913 /* SVNToggleType.swift */,
				89B2BEF5207C053F00718913 /* TermsActionSheetPresentable.swift */,
			);
			path = SVNForm;
			sourceTree = "<group>";
		};
		89B2BF17207C057100718913 /* LocalFormData */ = {
			isa = PBXGroup;
			children = (
				89B2BF26207C05A000718913 /* LocalButtonDataSource.swift */,
				89B2BF24207C05A000718913 /* LocalFormDataSource.swift */,
				89B2BF27207C05A000718913 /* LocalFormFieldType.swift */,
				89B2BF25207C05A000718913 /* LocalFormTheme.swift */,
				89B2BF2C207C073C00718913 /* LocalDatePickerType.swift */,
				8955E36F207C4DED00B7DDCB /* LocalPickerType.swift */,
			);
			path = LocalFormData;
			sourceTree = "<group>";
		};
		89D45D7C207965CF00D3536F /* Fonts */ = {
			isa = PBXGroup;
			children = (
				89D45D74207965CA00D3536F /* Roboto-Bold.ttf */,
				89D45D76207965CB00D3536F /* Roboto-Light.ttf */,
				89D45D77207965CB00D3536F /* Roboto-Medium.ttf */,
				89D45D75207965CB00D3536F /* Roboto-Regular.ttf */,
			);
			path = Fonts;
			sourceTree = "<group>";
		};
		89D45D7D207965DD00D3536F /* Includes */ = {
			isa = PBXGroup;
			children = (
				89D45D7C207965CF00D3536F /* Fonts */,
				8917330320782DC900001EAB /* Assets.xcassets */,
				8917330820782DC900001EAB /* Info.plist */,
			);
			path = Includes;
			sourceTree = "<group>";
		};
		89D45D8520797B9500D3536F /* Storyboards */ = {
			isa = PBXGroup;
			children = (
				89D45D8820797D5300D3536F /* Launch Screen.storyboard */,
			);
			path = Storyboards;
			sourceTree = "<group>";
		};
		89D45D8A2079807200D3536F /* Buttons */ = {
			isa = PBXGroup;
			children = (
				89E4594120795BED00643F9D /* PopButton.swift */,
			);
			path = Buttons;
			sourceTree = "<group>";
		};
		89D45D8B2079823B00D3536F /* Model */ = {
			isa = PBXGroup;
			children = (
				8917331A2078329200001EAB /* AppDependency.swift */,
				8955E371207C600300B7DDCB /* Networking.swift */,
				8955E37A207E4C8B00B7DDCB /* Strava.swift */,
				8955E373207D9B8600B7DDCB /* Activity.swift */,
				89E4594320795D3A00643F9D /* Theme.swift */,
				8955E386207F058A00B7DDCB /* UITableViewDataSource */,
				89B2BF17207C057100718913 /* LocalFormData */,
				89D45D8C2079825300D3536F /* ActivityState.swift */,
				8955E36D207C0F1200B7DDCB /* Content.swift */,
			);
			path = Model;
			sourceTree = "<group>";
		};
		89E4593D20795B1300643F9D /* ViewControllers */ = {
			isa = PBXGroup;
			children = (
				89E4593E20795B3D00643F9D /* ActivitiesVC.swift */,
				897B67F6207B0B48002E0120 /* NewActivityVC.swift */,
				8955E37E207ED95100B7DDCB /* StravaAuthVC.swift */,
				8955E382207F051C00B7DDCB /* ActivityDetailsVC.swift */,
			);
			path = ViewControllers;
			sourceTree = "<group>";
		};
		89E4594020795BCA00643F9D /* Views */ = {
			isa = PBXGroup;
			children = (
				8955E379207D9CE800B7DDCB /* TableViewCell */,
				897B67EA207ACC15002E0120 /* Backgrounds */,
				89D45D8520797B9500D3536F /* Storyboards */,
				89D45D8A2079807200D3536F /* Buttons */,
				8955E38B207F0AA000B7DDCB /* View */,
			);
			path = Views;
			sourceTree = "<group>";
		};
/* End PBXGroup section */

/* Begin PBXNativeTarget section */
		891732F820782DC700001EAB /* FitBot_Activity_Tracker */ = {
			isa = PBXNativeTarget;
			buildConfigurationList = 8917330B20782DC900001EAB /* Build configuration list for PBXNativeTarget "FitBot_Activity_Tracker" */;
			buildPhases = (
				891732F520782DC700001EAB /* Sources */,
				891732F620782DC700001EAB /* Frameworks */,
				891732F720782DC700001EAB /* Resources */,
				8959E97C207C007100753F41 /* Carthage */,
			);
			buildRules = (
			);
			dependencies = (
			);
			name = FitBot_Activity_Tracker;
			productName = FitBot_Activity_Tracker;
			productReference = 891732F920782DC700001EAB /* FitBot_Activity_Tracker.app */;
			productType = "com.apple.product-type.application";
		};
/* End PBXNativeTarget section */

/* Begin PBXProject section */
		891732F120782DC700001EAB /* Project object */ = {
			isa = PBXProject;
			attributes = {
				LastSwiftUpdateCheck = 0930;
				LastUpgradeCheck = 0930;
				ORGANIZATIONNAME = "Aaron bikis";
				TargetAttributes = {
					891732F820782DC700001EAB = {
						CreatedOnToolsVersion = 9.3;
					};
				};
			};
			buildConfigurationList = 891732F420782DC700001EAB /* Build configuration list for PBXProject "FitBot_Activity_Tracker" */;
			compatibilityVersion = "Xcode 9.3";
			developmentRegion = en;
			hasScannedForEncodings = 0;
			knownRegions = (
				en,
				Base,
			);
			mainGroup = 891732F020782DC700001EAB;
			productRefGroup = 891732FA20782DC700001EAB /* Products */;
			projectDirPath = "";
			projectRoot = "";
			targets = (
				891732F820782DC700001EAB /* FitBot_Activity_Tracker */,
			);
		};
/* End PBXProject section */

/* Begin PBXResourcesBuildPhase section */
		891732F720782DC700001EAB /* Resources */ = {
			isa = PBXResourcesBuildPhase;
			buildActionMask = 2147483647;
			files = (
				89D45D7B207965CB00D3536F /* Roboto-Medium.ttf in Resources */,
				89D45D79207965CB00D3536F /* Roboto-Regular.ttf in Resources */,
				89D45D78207965CB00D3536F /* Roboto-Bold.ttf in Resources */,
				89D45D7A207965CB00D3536F /* Roboto-Light.ttf in Resources */,
				8917330420782DC900001EAB /* Assets.xcassets in Resources */,
				89D45D8920797D5300D3536F /* Launch Screen.storyboard in Resources */,
			);
			runOnlyForDeploymentPostprocessing = 0;
		};
/* End PBXResourcesBuildPhase section */

/* Begin PBXShellScriptBuildPhase section */
		8959E97C207C007100753F41 /* Carthage */ = {
			isa = PBXShellScriptBuildPhase;
			buildActionMask = 2147483647;
			files = (
			);
			inputPaths = (
				"$(SRCROOT)/Carthage/Build/iOS/DeviceKit.framework",
				"$(SRCROOT)/Carthage/Build/iOS/SVNBootstraper.framework",
				"$(SRCROOT)/Carthage/Build/iOS/SVNTheme.framework",
				"$(SRCROOT)/Carthage/Build/iOS/SwiftEssentials.framework",
				"$(SRCROOT)/Carthage/Build/iOS/SVNShapesManager.framework",
			);
			name = Carthage;
			outputPaths = (
				"$(BUILT_PRODUCTS_DIR)/$(FRAMEWORKS_FOLDER_PATH)/DeviceKit.framework",
				"$(BUILT_PRODUCTS_DIR)/$(FRAMEWORKS_FOLDER_PATH)/SVNBootstraper.framework",
				"$(BUILT_PRODUCTS_DIR)/$(FRAMEWORKS_FOLDER_PATH)/SVNShapesManager.framework",
				"$(BUILT_PRODUCTS_DIR)/$(FRAMEWORKS_FOLDER_PATH)/SVNTheme.framework",
				"$(BUILT_PRODUCTS_DIR)/$(FRAMEWORKS_FOLDER_PATH)/SwiftEssentials.framework",
			);
			runOnlyForDeploymentPostprocessing = 0;
			shellPath = /bin/sh;
			shellScript = "/usr/local/bin/carthage copy-frameworks";
		};
/* End PBXShellScriptBuildPhase section */

/* Begin PBXSourcesBuildPhase section */
		891732F520782DC700001EAB /* Sources */ = {
			isa = PBXSourcesBuildPhase;
			buildActionMask = 2147483647;
			files = (
				89B2BF05207C054000718913 /* SVNFormTextField.swift in Sources */,
				897B67EC207ACC25002E0120 /* NewActivityBackgroundView.swift in Sources */,
				8900763D2081325600C13338 /* AlphaNumericRule.swift in Sources */,
				89B2BF2A207C05A100718913 /* LocalButtonDataSource.swift in Sources */,
				89D45D8D2079825300D3536F /* ActivityState.swift in Sources */,
				89B2BF00207C054000718913 /* DeviceSize.swift in Sources */,
				8900763E2081325600C13338 /* RequiredRule.swift in Sources */,
				890076222081324200C13338 /* ValidationError.swift in Sources */,
				890076202081324200C13338 /* ValidationDelegate.swift in Sources */,
				8900764D2081325600C13338 /* FullNameRule.swift in Sources */,
				8955E383207F051C00B7DDCB /* ActivityDetailsVC.swift in Sources */,
				89B2BEF8207C054000718913 /* SVNFormPlaceholderLabel.swift in Sources */,
				89B2BF02207C054000718913 /* SVNFormDisclosureButton.swift in Sources */,
				89007656208132C500C13338 /* Validator.swift in Sources */,
				8917331320782F6C00001EAB /* Coordinator.swift in Sources */,
				8955E378207D9CE100B7DDCB /* ActivityMetaTableViewCell.swift in Sources */,
				89B2BEFA207C054000718913 /* SVNFormViewModel.swift in Sources */,
				8900764E2081325600C13338 /* ISBNRule.swift in Sources */,
				89B2BF07207C054000718913 /* SVNToggleType.swift in Sources */,
				8900764A2081325600C13338 /* AlphaRule.swift in Sources */,
				897B67F1207AFCF9002E0120 /* ActivityCoordinator.swift in Sources */,
				890076212081324200C13338 /* ValidatorDictionary.swift in Sources */,
				890076472081325600C13338 /* MinLengthRule.swift in Sources */,
				8900764B2081325600C13338 /* CharacterSetRule.swift in Sources */,
				89B2BEFC207C054000718913 /* SVNFormFieldType.swift in Sources */,
				89B2BF03207C054000718913 /* SVNFormToggleView.swift in Sources */,
				8955E376207D9C1A00B7DDCB /* ActivitiesDataSource.swift in Sources */,
				8955E370207C4DED00B7DDCB /* LocalPickerType.swift in Sources */,
				8955E37F207ED95100B7DDCB /* StravaAuthVC.swift in Sources */,
				89B2BF2D207C073C00718913 /* LocalDatePickerType.swift in Sources */,
				8917331220782F6C00001EAB /* NavigationCoordinator.swift in Sources */,
				890076542081325600C13338 /* Rule.swift in Sources */,
				890076402081325600C13338 /* ValidationRule.swift in Sources */,
				89B2BF0F207C054000718913 /* TermsActionSheetPresentable.swift in Sources */,
				8900761F2081324200C13338 /* Validatable.swift in Sources */,
				897B67F3207B02CA002E0120 /* PresentReverseAnimator.swift in Sources */,
				89D45D80207974C400D3536F /* CoordinatableViewController.swift in Sources */,
				891733182078324700001EAB /* NeedsDependency.swift in Sources */,
				89B2BF11207C054000718913 /* SVNFormTermsOverlay.swift in Sources */,
				8955E37B207E4C8B00B7DDCB /* Strava.swift in Sources */,
				89E4594220795BED00643F9D /* PopButton.swift in Sources */,
				890076532081325600C13338 /* PhoneNumberRule.swift in Sources */,
				89B2BF2B207C05A100718913 /* LocalFormFieldType.swift in Sources */,
				89B2BF09207C054000718913 /* SVNFormTheme.swift in Sources */,
				89B2BF0E207C054000718913 /* SVNTermsActionSheetDatasource.swift in Sources */,
				890076482081325600C13338 /* RoutingNumberRule.swift in Sources */,
				89B2BF10207C054000718913 /* SVNFormViewController.swift in Sources */,
				89E4594420795D3A00643F9D /* Theme.swift in Sources */,
				8900763F2081325600C13338 /* EmailRule.swift in Sources */,
				8955E38A207F06D900B7DDCB /* ActivityDetailsView.swift in Sources */,
				8917331420782F6C00001EAB /* UIKit-CoordinatingExtensions.swift in Sources */,
				8955E36E207C0F1200B7DDCB /* Content.swift in Sources */,
				890076422081325600C13338 /* HexColorRule.swift in Sources */,
				890076492081325600C13338 /* ZipCodeRule.swift in Sources */,
				897B67F7207B0B48002E0120 /* NewActivityVC.swift in Sources */,
				8917331520782F6C00001EAB /* Coordinating.swift in Sources */,
				8900764F2081325600C13338 /* DateConvertable.swift in Sources */,
				8900764C2081325600C13338 /* IPV4Rule.swift in Sources */,
				89B2BF28207C05A100718913 /* LocalFormDataSource.swift in Sources */,
				89B2BF0B207C054000718913 /* SVNFormCheckMarkView.swift in Sources */,
				890076432081325600C13338 /* MinDateRule.swift in Sources */,
				89B2BF0D207C054000718913 /* SVNFormDatePickerType.swift in Sources */,
				890076412081325600C13338 /* SSNRule.swift in Sources */,
				89B2BEFD207C054000718913 /* SVNFormFieldView.swift in Sources */,
				89B2BF01207C054000718913 /* SVNFormError.swift in Sources */,
				890076522081325600C13338 /* FloatRule.swift in Sources */,
				890076442081325600C13338 /* RegexRule.swift in Sources */,
				8955E372207C600300B7DDCB /* Networking.swift in Sources */,
				891732FD20782DC700001EAB /* AppDelegate.swift in Sources */,
				8917331B2078329200001EAB /* AppDependency.swift in Sources */,
				89E4593F20795B3D00643F9D /* ActivitiesVC.swift in Sources */,
				89B2BEF9207C054000718913 /* SVNFormPickerType.swift in Sources */,
				89B2BF06207C054000718913 /* SVNTermsFieldType.swift in Sources */,
				89B2BF29207C05A100718913 /* LocalFormTheme.swift in Sources */,
				890076462081325600C13338 /* MaxLengthRule.swift in Sources */,
				890076512081325600C13338 /* PasswordRule.swift in Sources */,
				89B2BF0C207C054000718913 /* BDFormTypeAliases.swift in Sources */,
				89B2BF0A207C054000718913 /* FinePrintCreatable.swift in Sources */,
				89B2BEFF207C054000718913 /* SVNLargeButtonDatasource.swift in Sources */,
				89B2BF08207C054000718913 /* SVNFormToolbar.swift in Sources */,
				890076452081325600C13338 /* ConfirmRule.swift in Sources */,
				89B2BEFB207C054000718913 /* LWDatePickerView.swift in Sources */,
				89B2BF04207C054000718913 /* SVNLargeButton.swift in Sources */,
				890076502081325600C13338 /* ExactLengthRule.swift in Sources */,
				89B2BEFE207C054000718913 /* SVNFormPickerView.swift in Sources */,
				8955E374207D9B8600B7DDCB /* Activity.swift in Sources */,
				8917331F2078333D00001EAB /* ApplicationCoordinator.swift in Sources */,
			);
			runOnlyForDeploymentPostprocessing = 0;
		};
/* End PBXSourcesBuildPhase section */

/* Begin XCBuildConfiguration section */
		8917330920782DC900001EAB /* Debug */ = {
			isa = XCBuildConfiguration;
			buildSettings = {
				ALWAYS_SEARCH_USER_PATHS = NO;
				CLANG_ANALYZER_NONNULL = YES;
				CLANG_ANALYZER_NUMBER_OBJECT_CONVERSION = YES_AGGRESSIVE;
				CLANG_CXX_LANGUAGE_STANDARD = "gnu++14";
				CLANG_CXX_LIBRARY = "libc++";
				CLANG_ENABLE_MODULES = YES;
				CLANG_ENABLE_OBJC_ARC = YES;
				CLANG_ENABLE_OBJC_WEAK = YES;
				CLANG_WARN_BLOCK_CAPTURE_AUTORELEASING = YES;
				CLANG_WARN_BOOL_CONVERSION = YES;
				CLANG_WARN_COMMA = YES;
				CLANG_WARN_CONSTANT_CONVERSION = YES;
				CLANG_WARN_DEPRECATED_OBJC_IMPLEMENTATIONS = YES;
				CLANG_WARN_DIRECT_OBJC_ISA_USAGE = YES_ERROR;
				CLANG_WARN_DOCUMENTATION_COMMENTS = YES;
				CLANG_WARN_EMPTY_BODY = YES;
				CLANG_WARN_ENUM_CONVERSION = YES;
				CLANG_WARN_INFINITE_RECURSION = YES;
				CLANG_WARN_INT_CONVERSION = YES;
				CLANG_WARN_NON_LITERAL_NULL_CONVERSION = YES;
				CLANG_WARN_OBJC_IMPLICIT_RETAIN_SELF = YES;
				CLANG_WARN_OBJC_LITERAL_CONVERSION = YES;
				CLANG_WARN_OBJC_ROOT_CLASS = YES_ERROR;
				CLANG_WARN_RANGE_LOOP_ANALYSIS = YES;
				CLANG_WARN_STRICT_PROTOTYPES = YES;
				CLANG_WARN_SUSPICIOUS_MOVE = YES;
				CLANG_WARN_UNGUARDED_AVAILABILITY = YES_AGGRESSIVE;
				CLANG_WARN_UNREACHABLE_CODE = YES;
				CLANG_WARN__DUPLICATE_METHOD_MATCH = YES;
				CODE_SIGN_IDENTITY = "iPhone Developer";
				COPY_PHASE_STRIP = NO;
				DEBUG_INFORMATION_FORMAT = dwarf;
				ENABLE_STRICT_OBJC_MSGSEND = YES;
				ENABLE_TESTABILITY = YES;
				GCC_C_LANGUAGE_STANDARD = gnu11;
				GCC_DYNAMIC_NO_PIC = NO;
				GCC_NO_COMMON_BLOCKS = YES;
				GCC_OPTIMIZATION_LEVEL = 0;
				GCC_PREPROCESSOR_DEFINITIONS = (
					"DEBUG=1",
					"$(inherited)",
				);
				GCC_WARN_64_TO_32_BIT_CONVERSION = YES;
				GCC_WARN_ABOUT_RETURN_TYPE = YES_ERROR;
				GCC_WARN_UNDECLARED_SELECTOR = YES;
				GCC_WARN_UNINITIALIZED_AUTOS = YES_AGGRESSIVE;
				GCC_WARN_UNUSED_FUNCTION = YES;
				GCC_WARN_UNUSED_VARIABLE = YES;
				IPHONEOS_DEPLOYMENT_TARGET = 11.3;
				MTL_ENABLE_DEBUG_INFO = YES;
				ONLY_ACTIVE_ARCH = YES;
				SDKROOT = iphoneos;
				SWIFT_ACTIVE_COMPILATION_CONDITIONS = DEBUG;
				SWIFT_OPTIMIZATION_LEVEL = "-Onone";
			};
			name = Debug;
		};
		8917330A20782DC900001EAB /* Release */ = {
			isa = XCBuildConfiguration;
			buildSettings = {
				ALWAYS_SEARCH_USER_PATHS = NO;
				CLANG_ANALYZER_NONNULL = YES;
				CLANG_ANALYZER_NUMBER_OBJECT_CONVERSION = YES_AGGRESSIVE;
				CLANG_CXX_LANGUAGE_STANDARD = "gnu++14";
				CLANG_CXX_LIBRARY = "libc++";
				CLANG_ENABLE_MODULES = YES;
				CLANG_ENABLE_OBJC_ARC = YES;
				CLANG_ENABLE_OBJC_WEAK = YES;
				CLANG_WARN_BLOCK_CAPTURE_AUTORELEASING = YES;
				CLANG_WARN_BOOL_CONVERSION = YES;
				CLANG_WARN_COMMA = YES;
				CLANG_WARN_CONSTANT_CONVERSION = YES;
				CLANG_WARN_DEPRECATED_OBJC_IMPLEMENTATIONS = YES;
				CLANG_WARN_DIRECT_OBJC_ISA_USAGE = YES_ERROR;
				CLANG_WARN_DOCUMENTATION_COMMENTS = YES;
				CLANG_WARN_EMPTY_BODY = YES;
				CLANG_WARN_ENUM_CONVERSION = YES;
				CLANG_WARN_INFINITE_RECURSION = YES;
				CLANG_WARN_INT_CONVERSION = YES;
				CLANG_WARN_NON_LITERAL_NULL_CONVERSION = YES;
				CLANG_WARN_OBJC_IMPLICIT_RETAIN_SELF = YES;
				CLANG_WARN_OBJC_LITERAL_CONVERSION = YES;
				CLANG_WARN_OBJC_ROOT_CLASS = YES_ERROR;
				CLANG_WARN_RANGE_LOOP_ANALYSIS = YES;
				CLANG_WARN_STRICT_PROTOTYPES = YES;
				CLANG_WARN_SUSPICIOUS_MOVE = YES;
				CLANG_WARN_UNGUARDED_AVAILABILITY = YES_AGGRESSIVE;
				CLANG_WARN_UNREACHABLE_CODE = YES;
				CLANG_WARN__DUPLICATE_METHOD_MATCH = YES;
				CODE_SIGN_IDENTITY = "iPhone Developer";
				COPY_PHASE_STRIP = NO;
				DEBUG_INFORMATION_FORMAT = "dwarf-with-dsym";
				ENABLE_NS_ASSERTIONS = NO;
				ENABLE_STRICT_OBJC_MSGSEND = YES;
				GCC_C_LANGUAGE_STANDARD = gnu11;
				GCC_NO_COMMON_BLOCKS = YES;
				GCC_WARN_64_TO_32_BIT_CONVERSION = YES;
				GCC_WARN_ABOUT_RETURN_TYPE = YES_ERROR;
				GCC_WARN_UNDECLARED_SELECTOR = YES;
				GCC_WARN_UNINITIALIZED_AUTOS = YES_AGGRESSIVE;
				GCC_WARN_UNUSED_FUNCTION = YES;
				GCC_WARN_UNUSED_VARIABLE = YES;
				IPHONEOS_DEPLOYMENT_TARGET = 11.3;
				MTL_ENABLE_DEBUG_INFO = NO;
				SDKROOT = iphoneos;
				SWIFT_COMPILATION_MODE = wholemodule;
				SWIFT_OPTIMIZATION_LEVEL = "-O";
				VALIDATE_PRODUCT = YES;
			};
			name = Release;
		};
		8917330C20782DC900001EAB /* Debug */ = {
			isa = XCBuildConfiguration;
			buildSettings = {
				ASSETCATALOG_COMPILER_APPICON_NAME = AppIcon;
				CODE_SIGN_STYLE = Automatic;
				FRAMEWORK_SEARCH_PATHS = (
					"$(inherited)",
					"$(PROJECT_DIR)/Carthage/Build/iOS",
					"$(SRCROOT)/Carthage/Build/iOS",
				);
				INFOPLIST_FILE = "$(SRCROOT)/FitBot_Activity_Tracker/Includes/Info.plist";
				LD_RUNPATH_SEARCH_PATHS = (
					"$(inherited)",
					"@executable_path/Frameworks",
				);
				PRODUCT_BUNDLE_IDENTIFIER = "com.roseAndPine.activity-tracker";
				PRODUCT_NAME = "$(TARGET_NAME)";
				SWIFT_VERSION = 4.0;
				TARGETED_DEVICE_FAMILY = "1,2";
			};
			name = Debug;
		};
		8917330D20782DC900001EAB /* Release */ = {
			isa = XCBuildConfiguration;
			buildSettings = {
				ASSETCATALOG_COMPILER_APPICON_NAME = AppIcon;
				CODE_SIGN_STYLE = Automatic;
				FRAMEWORK_SEARCH_PATHS = (
					"$(inherited)",
					"$(PROJECT_DIR)/Carthage/Build/iOS",
					"$(SRCROOT)/Carthage/Build/iOS",
				);
				INFOPLIST_FILE = "$(SRCROOT)/FitBot_Activity_Tracker/Includes/Info.plist";
				LD_RUNPATH_SEARCH_PATHS = (
					"$(inherited)",
					"@executable_path/Frameworks",
				);
				PRODUCT_BUNDLE_IDENTIFIER = "com.roseAndPine.activity-tracker";
				PRODUCT_NAME = "$(TARGET_NAME)";
				SWIFT_VERSION = 4.0;
				TARGETED_DEVICE_FAMILY = "1,2";
			};
			name = Release;
		};
/* End XCBuildConfiguration section */

/* Begin XCConfigurationList section */
		891732F420782DC700001EAB /* Build configuration list for PBXProject "FitBot_Activity_Tracker" */ = {
			isa = XCConfigurationList;
			buildConfigurations = (
				8917330920782DC900001EAB /* Debug */,
				8917330A20782DC900001EAB /* Release */,
			);
			defaultConfigurationIsVisible = 0;
			defaultConfigurationName = Release;
		};
		8917330B20782DC900001EAB /* Build configuration list for PBXNativeTarget "FitBot_Activity_Tracker" */ = {
			isa = XCConfigurationList;
			buildConfigurations = (
				8917330C20782DC900001EAB /* Debug */,
				8917330D20782DC900001EAB /* Release */,
			);
			defaultConfigurationIsVisible = 0;
			defaultConfigurationName = Release;
		};
/* End XCConfigurationList section */
	};
	rootObject = 891732F120782DC700001EAB /* Project object */;
}
